// !$*UTF8*$!
{
	archiveVersion = 1;
	classes = {
	};
	objectVersion = 77;
	objects = {

/* Begin PBXBuildFile section */
		247D4D1D38CF306C346A3DF5 /* ScannerView.swift in Sources */ = {isa = PBXBuildFile; fileRef = FEE4D5731C59D11D80ED2C2A /* ScannerView.swift */; };
		2B6B60A1E38D162009DC80E2 /* Assets.xcassets in Resources */ = {isa = PBXBuildFile; fileRef = 73C3C6DB788E5D016C6F2387 /* Assets.xcassets */; };
		3F1BEDD91BACB63592F84835 /* BookShelfApp.swift in Sources */ = {isa = PBXBuildFile; fileRef = 96B46FC9EA65068DC22E5C9E /* BookShelfApp.swift */; };
		4D4FD1E3CEDA5D4D3FBA3D02 /* LaunchScreen.storyboard in Resources */ = {isa = PBXBuildFile; fileRef = 91BAE34C3F017A0A5E76E449 /* LaunchScreen.storyboard */; };
		577BBDED981F083B54F6E0FF /* BookDetailView.swift in Sources */ = {isa = PBXBuildFile; fileRef = F505296BBDC9587F1A98A418 /* BookDetailView.swift */; };
		6952B304E87F4245A083298D /* ImageCacheService.swift in Sources */ = {isa = PBXBuildFile; fileRef = DD5E704D6CD36193C174F23C /* ImageCacheService.swift */; };
		732D9B03C9CCA36993412D9F /* ManualSearchView.swift in Sources */ = {isa = PBXBuildFile; fileRef = C8C4E0D927C15C6835134DB9 /* ManualSearchView.swift */; };
		99DC2115FD989132B14E69EB /* BookAPIService.swift in Sources */ = {isa = PBXBuildFile; fileRef = A293C05459B6A6074837B8DE /* BookAPIService.swift */; };
		A2EBD5395945C91CE382BD1A /* BookshelfView.swift in Sources */ = {isa = PBXBuildFile; fileRef = 1440732A0F5F6E7EF910163B /* BookshelfView.swift */; };
		C892CAD7246F279977DAE567 /* BookshelfViewModel.swift in Sources */ = {isa = PBXBuildFile; fileRef = A1D50321986C3FFAD7AF8BAB /* BookshelfViewModel.swift */; };
		E33B50EF3C43D1635607C56D /* ContentView.swift in Sources */ = {isa = PBXBuildFile; fileRef = 6F14CB818A7077DE76FC63CF /* ContentView.swift */; };
		E795C2CBB906E037082B6CE3 /* Book.swift in Sources */ = {isa = PBXBuildFile; fileRef = DBE9138FF989E30EC42D785E /* Book.swift */; };
		EC4557EE6972AA44BBC3DB14 /* GoogleBooksService.swift in Sources */ = {isa = PBXBuildFile; fileRef = CFFD8A6170232E155BD6117D /* GoogleBooksService.swift */; };
		FF604C674FC4BA6FE8769BE5 /* BookShelfTests.swift in Sources */ = {isa = PBXBuildFile; fileRef = D8C7DE30EAA16B8622358C01 /* BookShelfTests.swift */; };
		AB12CD34EF56789012345678 /* StarRatingView.swift in Sources */ = {isa = PBXBuildFile; fileRef = AB12CD34EF56789012345679 /* StarRatingView.swift */; };
/* End PBXBuildFile section */

/* Begin PBXContainerItemProxy section */
		08EDDC59D3DE43D6F967022E /* PBXContainerItemProxy */ = {
			isa = PBXContainerItemProxy;
			containerPortal = 4FEAA570074D771D330307FF /* Project object */;
			proxyType = 1;
			remoteGlobalIDString = E039C457186FC768505D80C7;
			remoteInfo = BookShelf;
		};
/* End PBXContainerItemProxy section */

/* Begin PBXFileReference section */
		1440732A0F5F6E7EF910163B /* BookshelfView.swift */ = {isa = PBXFileReference; lastKnownFileType = sourcecode.swift; path = BookshelfView.swift; sourceTree = "<group>"; };
		6F14CB818A7077DE76FC63CF /* ContentView.swift */ = {isa = PBXFileReference; lastKnownFileType = sourcecode.swift; path = ContentView.swift; sourceTree = "<group>"; };
		73C3C6DB788E5D016C6F2387 /* Assets.xcassets */ = {isa = PBXFileReference; lastKnownFileType = folder.assetcatalog; path = Assets.xcassets; sourceTree = "<group>"; };
		91BAE34C3F017A0A5E76E449 /* LaunchScreen.storyboard */ = {isa = PBXFileReference; lastKnownFileType = file.storyboard; path = LaunchScreen.storyboard; sourceTree = "<group>"; };
		96B46FC9EA65068DC22E5C9E /* BookShelfApp.swift */ = {isa = PBXFileReference; lastKnownFileType = sourcecode.swift; path = BookShelfApp.swift; sourceTree = "<group>"; };
		A153EBBB60C02E927C01E357 /* BookShelf.app */ = {isa = PBXFileReference; includeInIndex = 0; lastKnownFileType = wrapper.application; path = BookShelf.app; sourceTree = BUILT_PRODUCTS_DIR; };
		A1D50321986C3FFAD7AF8BAB /* BookshelfViewModel.swift */ = {isa = PBXFileReference; lastKnownFileType = sourcecode.swift; path = BookshelfViewModel.swift; sourceTree = "<group>"; };
		A293C05459B6A6074837B8DE /* BookAPIService.swift */ = {isa = PBXFileReference; lastKnownFileType = sourcecode.swift; path = BookAPIService.swift; sourceTree = "<group>"; };
		B49F675AC3EEBA667BEF924B /* BookShelfTests.xctest */ = {isa = PBXFileReference; includeInIndex = 0; lastKnownFileType = wrapper.cfbundle; path = BookShelfTests.xctest; sourceTree = BUILT_PRODUCTS_DIR; };
		C74D28C674E2288972B005E6 /* Info.plist */ = {isa = PBXFileReference; lastKnownFileType = text.plist; path = Info.plist; sourceTree = "<group>"; };
		C8C4E0D927C15C6835134DB9 /* ManualSearchView.swift */ = {isa = PBXFileReference; lastKnownFileType = sourcecode.swift; path = ManualSearchView.swift; sourceTree = "<group>"; };
		CFFD8A6170232E155BD6117D /* GoogleBooksService.swift */ = {isa = PBXFileReference; lastKnownFileType = sourcecode.swift; path = GoogleBooksService.swift; sourceTree = "<group>"; };
		D8C7DE30EAA16B8622358C01 /* BookShelfTests.swift */ = {isa = PBXFileReference; lastKnownFileType = sourcecode.swift; path = BookShelfTests.swift; sourceTree = "<group>"; };
		DBE9138FF989E30EC42D785E /* Book.swift */ = {isa = PBXFileReference; lastKnownFileType = sourcecode.swift; path = Book.swift; sourceTree = "<group>"; };
		DD5E704D6CD36193C174F23C /* ImageCacheService.swift */ = {isa = PBXFileReference; lastKnownFileType = sourcecode.swift; path = ImageCacheService.swift; sourceTree = "<group>"; };
		F505296BBDC9587F1A98A418 /* BookDetailView.swift */ = {isa = PBXFileReference; lastKnownFileType = sourcecode.swift; path = BookDetailView.swift; sourceTree = "<group>"; };
		FEE4D5731C59D11D80ED2C2A /* ScannerView.swift */ = {isa = PBXFileReference; lastKnownFileType = sourcecode.swift; path = ScannerView.swift; sourceTree = "<group>"; };
		AB12CD34EF56789012345679 /* StarRatingView.swift */ = {isa = PBXFileReference; lastKnownFileType = sourcecode.swift; path = StarRatingView.swift; sourceTree = "<group>"; };
/* End PBXFileReference section */

/* Begin PBXGroup section */
		145DB01DB275522D901AF5E9 /* BookShelf */ = {
			isa = PBXGroup;
			children = (
				73C3C6DB788E5D016C6F2387 /* Assets.xcassets */,
				96B46FC9EA65068DC22E5C9E /* BookShelfApp.swift */,
				6F14CB818A7077DE76FC63CF /* ContentView.swift */,
				C74D28C674E2288972B005E6 /* Info.plist */,
				91BAE34C3F017A0A5E76E449 /* LaunchScreen.storyboard */,
				85A999D965B038B0B2C0B01C /* Models */,
				90FDCF4AED2B647E1B85049A /* Services */,
				245E35F418A75F9C3A152221 /* ViewModels */,
				CD27A44111AE4C916D00B850 /* Views */,
			);
			path = BookShelf;
			sourceTree = "<group>";
		};
		1AD23555CCCE06B3501A0940 /* BookShelfTests */ = {
			isa = PBXGroup;
			children = (
				D8C7DE30EAA16B8622358C01 /* BookShelfTests.swift */,
			);
			path = BookShelfTests;
			sourceTree = "<group>";
		};
		245E35F418A75F9C3A152221 /* ViewModels */ = {
			isa = PBXGroup;
			children = (
				A1D50321986C3FFAD7AF8BAB /* BookshelfViewModel.swift */,
			);
			path = ViewModels;
			sourceTree = "<group>";
		};
		3BBBAC5CE6593C12EEBD207B = {
			isa = PBXGroup;
			children = (
				145DB01DB275522D901AF5E9 /* BookShelf */,
				1AD23555CCCE06B3501A0940 /* BookShelfTests */,
				CAE5610CD0FBB47A8ABBAA3F /* Products */,
			);
			sourceTree = "<group>";
		};
		85A999D965B038B0B2C0B01C /* Models */ = {
			isa = PBXGroup;
			children = (
				DBE9138FF989E30EC42D785E /* Book.swift */,
			);
			path = Models;
			sourceTree = "<group>";
		};
		90FDCF4AED2B647E1B85049A /* Services */ = {
			isa = PBXGroup;
			children = (
				A293C05459B6A6074837B8DE /* BookAPIService.swift */,
				CFFD8A6170232E155BD6117D /* GoogleBooksService.swift */,
				DD5E704D6CD36193C174F23C /* ImageCacheService.swift */,
			);
			path = Services;
			sourceTree = "<group>";
		};
		CAE5610CD0FBB47A8ABBAA3F /* Products */ = {
			isa = PBXGroup;
			children = (
				A153EBBB60C02E927C01E357 /* BookShelf.app */,
				B49F675AC3EEBA667BEF924B /* BookShelfTests.xctest */,
			);
			name = Products;
			sourceTree = "<group>";
		};
		CD27A44111AE4C916D00B850 /* Views */ = {
			isa = PBXGroup;
			children = (
				F505296BBDC9587F1A98A418 /* BookDetailView.swift */,
				1440732A0F5F6E7EF910163B /* BookshelfView.swift */,
				C8C4E0D927C15C6835134DB9 /* ManualSearchView.swift */,
				FEE4D5731C59D11D80ED2C2A /* ScannerView.swift */,
				AB12CD34EF56789012345679 /* StarRatingView.swift */,
			);
			path = Views;
			sourceTree = "<group>";
		};
/* End PBXGroup section */

/* Begin PBXNativeTarget section */
		BA48DFED19BBCD3E494F33E8 /* BookShelfTests */ = {
			isa = PBXNativeTarget;
			buildConfigurationList = 724C36065AF376DE94408B17 /* Build configuration list for PBXNativeTarget "BookShelfTests" */;
			buildPhases = (
				350FBE0FE657C35009EBEA64 /* Sources */,
			);
			buildRules = (
			);
			dependencies = (
				34CCAC509A922BD55696FD78 /* PBXTargetDependency */,
			);
			name = BookShelfTests;
			packageProductDependencies = (
			);
			productName = BookShelfTests;
			productReference = B49F675AC3EEBA667BEF924B /* BookShelfTests.xctest */;
			productType = "com.apple.product-type.bundle.unit-test";
		};
		E039C457186FC768505D80C7 /* BookShelf */ = {
			isa = PBXNativeTarget;
			buildConfigurationList = 92D761482AA2222A24F1D4B2 /* Build configuration list for PBXNativeTarget "BookShelf" */;
			buildPhases = (
				F6A713C0BF3C04FF72A7F71E /* SwiftLint */,
				99E80D29160937EAF444C951 /* Sources */,
				562C79CB13190D8669971853 /* Resources */,
			);
			buildRules = (
			);
			dependencies = (
			);
			name = BookShelf;
			packageProductDependencies = (
			);
			productName = BookShelf;
			productReference = A153EBBB60C02E927C01E357 /* BookShelf.app */;
			productType = "com.apple.product-type.application";
		};
/* End PBXNativeTarget section */

/* Begin PBXProject section */
		4FEAA570074D771D330307FF /* Project object */ = {
			isa = PBXProject;
			attributes = {
				BuildIndependentTargetsInParallel = YES;
				LastUpgradeCheck = 1500;
				TargetAttributes = {
					BA48DFED19BBCD3E494F33E8 = {
						DevelopmentTeam = "";
						ProvisioningStyle = Automatic;
					};
					E039C457186FC768505D80C7 = {
						DevelopmentTeam = "";
						ProvisioningStyle = Automatic;
					};
				};
			};
			buildConfigurationList = B45F5C4F95DAABB6ABCB14E5 /* Build configuration list for PBXProject "BookShelf" */;
			compatibilityVersion = "Xcode 14.0";
			developmentRegion = en;
			hasScannedForEncodings = 0;
			knownRegions = (
				Base,
				en,
			);
			mainGroup = 3BBBAC5CE6593C12EEBD207B;
			minimizedProjectReferenceProxies = 1;
			preferredProjectObjectVersion = 77;
			projectDirPath = "";
			projectRoot = "";
			targets = (
				E039C457186FC768505D80C7 /* BookShelf */,
				BA48DFED19BBCD3E494F33E8 /* BookShelfTests */,
			);
		};
/* End PBXProject section */

/* Begin PBXResourcesBuildPhase section */
		562C79CB13190D8669971853 /* Resources */ = {
			isa = PBXResourcesBuildPhase;
			buildActionMask = 2147483647;
			files = (
				2B6B60A1E38D162009DC80E2 /* Assets.xcassets in Resources */,
				4D4FD1E3CEDA5D4D3FBA3D02 /* LaunchScreen.storyboard in Resources */,
			);
			runOnlyForDeploymentPostprocessing = 0;
		};
/* End PBXResourcesBuildPhase section */

/* Begin PBXShellScriptBuildPhase section */
		F6A713C0BF3C04FF72A7F71E /* SwiftLint */ = {
			isa = PBXShellScriptBuildPhase;
			alwaysOutOfDate = 1;
			buildActionMask = 2147483647;
			files = (
			);
			inputFileListPaths = (
			);
			inputPaths = (
			);
			name = SwiftLint;
			outputFileListPaths = (
			);
			outputPaths = (
			);
			runOnlyForDeploymentPostprocessing = 0;
			shellPath = /bin/sh;
			shellScript = "if which swiftlint > /dev/null; then\n  swiftlint\nelse\n  echo \"warning: SwiftLint not installed, download from https://github.com/realm/SwiftLint\"\nfi\n";
		};
/* End PBXShellScriptBuildPhase section */

/* Begin PBXSourcesBuildPhase section */
		350FBE0FE657C35009EBEA64 /* Sources */ = {
			isa = PBXSourcesBuildPhase;
			buildActionMask = 2147483647;
			files = (
				FF604C674FC4BA6FE8769BE5 /* BookShelfTests.swift in Sources */,
			);
			runOnlyForDeploymentPostprocessing = 0;
		};
		99E80D29160937EAF444C951 /* Sources */ = {
			isa = PBXSourcesBuildPhase;
			buildActionMask = 2147483647;
			files = (
				E795C2CBB906E037082B6CE3 /* Book.swift in Sources */,
				99DC2115FD989132B14E69EB /* BookAPIService.swift in Sources */,
				577BBDED981F083B54F6E0FF /* BookDetailView.swift in Sources */,
				3F1BEDD91BACB63592F84835 /* BookShelfApp.swift in Sources */,
				A2EBD5395945C91CE382BD1A /* BookshelfView.swift in Sources */,
				C892CAD7246F279977DAE567 /* BookshelfViewModel.swift in Sources */,
				E33B50EF3C43D1635607C56D /* ContentView.swift in Sources */,
				EC4557EE6972AA44BBC3DB14 /* GoogleBooksService.swift in Sources */,
				6952B304E87F4245A083298D /* ImageCacheService.swift in Sources */,
				732D9B03C9CCA36993412D9F /* ManualSearchView.swift in Sources */,
				247D4D1D38CF306C346A3DF5 /* ScannerView.swift in Sources */,
				AB12CD34EF56789012345678 /* StarRatingView.swift in Sources */,
			);
			runOnlyForDeploymentPostprocessing = 0;
		};
/* End PBXSourcesBuildPhase section */

/* Begin PBXTargetDependency section */
		34CCAC509A922BD55696FD78 /* PBXTargetDependency */ = {
			isa = PBXTargetDependency;
			target = E039C457186FC768505D80C7 /* BookShelf */;
			targetProxy = 08EDDC59D3DE43D6F967022E /* PBXContainerItemProxy */;
		};
/* End PBXTargetDependency section */

/* Begin XCBuildConfiguration section */
		3BBA7CA6E429F76B6E2568B0 /* Release */ = {
			isa = XCBuildConfiguration;
			buildSettings = {
				ALWAYS_SEARCH_USER_PATHS = NO;
				CLANG_ANALYZER_NONNULL = YES;
				CLANG_ANALYZER_NUMBER_OBJECT_CONVERSION = YES_AGGRESSIVE;
				CLANG_CXX_LANGUAGE_STANDARD = "gnu++14";
				CLANG_CXX_LIBRARY = "libc++";
				CLANG_ENABLE_MODULES = YES;
				CLANG_ENABLE_OBJC_ARC = YES;
				CLANG_ENABLE_OBJC_WEAK = YES;
				CLANG_WARN_BLOCK_CAPTURE_AUTORELEASING = YES;
				CLANG_WARN_BOOL_CONVERSION = YES;
				CLANG_WARN_COMMA = YES;
				CLANG_WARN_CONSTANT_CONVERSION = YES;
				CLANG_WARN_DEPRECATED_OBJC_IMPLEMENTATIONS = YES;
				CLANG_WARN_DIRECT_OBJC_ISA_USAGE = YES_ERROR;
				CLANG_WARN_DOCUMENTATION_COMMENTS = YES;
				CLANG_WARN_EMPTY_BODY = YES;
				CLANG_WARN_ENUM_CONVERSION = YES;
				CLANG_WARN_INFINITE_RECURSION = YES;
				CLANG_WARN_INT_CONVERSION = YES;
				CLANG_WARN_NON_LITERAL_NULL_CONVERSION = YES;
				CLANG_WARN_OBJC_IMPLICIT_RETAIN_SELF = YES;
				CLANG_WARN_OBJC_LITERAL_CONVERSION = YES;
				CLANG_WARN_OBJC_ROOT_CLASS = YES_ERROR;
				CLANG_WARN_QUOTED_INCLUDE_IN_FRAMEWORK_HEADER = YES;
				CLANG_WARN_RANGE_LOOP_ANALYSIS = YES;
				CLANG_WARN_STRICT_PROTOTYPES = YES;
				CLANG_WARN_SUSPICIOUS_MOVE = YES;
				CLANG_WARN_UNGUARDED_AVAILABILITY = YES_AGGRESSIVE;
				CLANG_WARN_UNREACHABLE_CODE = YES;
				CLANG_WARN__DUPLICATE_METHOD_MATCH = YES;
				COPY_PHASE_STRIP = NO;
				DEBUG_INFORMATION_FORMAT = "dwarf-with-dsym";
				ENABLE_NS_ASSERTIONS = NO;
				ENABLE_STRICT_OBJC_MSGSEND = YES;
				GCC_C_LANGUAGE_STANDARD = gnu11;
				GCC_NO_COMMON_BLOCKS = YES;
				GCC_WARN_64_TO_32_BIT_CONVERSION = YES;
				GCC_WARN_ABOUT_RETURN_TYPE = YES_ERROR;
				GCC_WARN_UNDECLARED_SELECTOR = YES;
				GCC_WARN_UNINITIALIZED_AUTOS = YES_AGGRESSIVE;
				GCC_WARN_UNUSED_FUNCTION = YES;
				GCC_WARN_UNUSED_VARIABLE = YES;
				GENERATE_INFOPLIST_FILE = YES;
				IPHONEOS_DEPLOYMENT_TARGET = 17.0;
				MTL_ENABLE_DEBUG_INFO = NO;
				MTL_FAST_MATH = YES;
				PRODUCT_NAME = "$(TARGET_NAME)";
				SDKROOT = iphoneos;
				SWIFT_COMPILATION_MODE = wholemodule;
				SWIFT_OPTIMIZATION_LEVEL = "-O";
				SWIFT_VERSION = 5.0;
			};
			name = Release;
		};
		3EDC61A9B13C0D8ACB4BA72C /* Debug */ = {
			isa = XCBuildConfiguration;
			buildSettings = {
				ALWAYS_SEARCH_USER_PATHS = NO;
				CLANG_ANALYZER_NONNULL = YES;
				CLANG_ANALYZER_NUMBER_OBJECT_CONVERSION = YES_AGGRESSIVE;
				CLANG_CXX_LANGUAGE_STANDARD = "gnu++14";
				CLANG_CXX_LIBRARY = "libc++";
				CLANG_ENABLE_MODULES = YES;
				CLANG_ENABLE_OBJC_ARC = YES;
				CLANG_ENABLE_OBJC_WEAK = YES;
				CLANG_WARN_BLOCK_CAPTURE_AUTORELEASING = YES;
				CLANG_WARN_BOOL_CONVERSION = YES;
				CLANG_WARN_COMMA = YES;
				CLANG_WARN_CONSTANT_CONVERSION = YES;
				CLANG_WARN_DEPRECATED_OBJC_IMPLEMENTATIONS = YES;
				CLANG_WARN_DIRECT_OBJC_ISA_USAGE = YES_ERROR;
				CLANG_WARN_DOCUMENTATION_COMMENTS = YES;
				CLANG_WARN_EMPTY_BODY = YES;
				CLANG_WARN_ENUM_CONVERSION = YES;
				CLANG_WARN_INFINITE_RECURSION = YES;
				CLANG_WARN_INT_CONVERSION = YES;
				CLANG_WARN_NON_LITERAL_NULL_CONVERSION = YES;
				CLANG_WARN_OBJC_IMPLICIT_RETAIN_SELF = YES;
				CLANG_WARN_OBJC_LITERAL_CONVERSION = YES;
				CLANG_WARN_OBJC_ROOT_CLASS = YES_ERROR;
				CLANG_WARN_QUOTED_INCLUDE_IN_FRAMEWORK_HEADER = YES;
				CLANG_WARN_RANGE_LOOP_ANALYSIS = YES;
				CLANG_WARN_STRICT_PROTOTYPES = YES;
				CLANG_WARN_SUSPICIOUS_MOVE = YES;
				CLANG_WARN_UNGUARDED_AVAILABILITY = YES_AGGRESSIVE;
				CLANG_WARN_UNREACHABLE_CODE = YES;
				CLANG_WARN__DUPLICATE_METHOD_MATCH = YES;
				COPY_PHASE_STRIP = NO;
				DEBUG_INFORMATION_FORMAT = dwarf;
				ENABLE_STRICT_OBJC_MSGSEND = YES;
				ENABLE_TESTABILITY = YES;
				GCC_C_LANGUAGE_STANDARD = gnu11;
				GCC_DYNAMIC_NO_PIC = NO;
				GCC_NO_COMMON_BLOCKS = YES;
				GCC_OPTIMIZATION_LEVEL = 0;
				GCC_PREPROCESSOR_DEFINITIONS = (
					"$(inherited)",
					"DEBUG=1",
				);
				GCC_WARN_64_TO_32_BIT_CONVERSION = YES;
				GCC_WARN_ABOUT_RETURN_TYPE = YES_ERROR;
				GCC_WARN_UNDECLARED_SELECTOR = YES;
				GCC_WARN_UNINITIALIZED_AUTOS = YES_AGGRESSIVE;
				GCC_WARN_UNUSED_FUNCTION = YES;
				GCC_WARN_UNUSED_VARIABLE = YES;
				GENERATE_INFOPLIST_FILE = YES;
				IPHONEOS_DEPLOYMENT_TARGET = 17.0;
				MTL_ENABLE_DEBUG_INFO = INCLUDE_SOURCE;
				MTL_FAST_MATH = YES;
				ONLY_ACTIVE_ARCH = YES;
				PRODUCT_NAME = "$(TARGET_NAME)";
				SDKROOT = iphoneos;
				SWIFT_ACTIVE_COMPILATION_CONDITIONS = DEBUG;
				SWIFT_OPTIMIZATION_LEVEL = "-Onone";
				SWIFT_VERSION = 5.0;
			};
			name = Debug;
		};
		5B13063D433C10184B707921 /* Release */ = {
			isa = XCBuildConfiguration;
			buildSettings = {
				ASSETCATALOG_COMPILER_APPICON_NAME = AppIcon;
				ASSETCATALOG_COMPILER_GLOBAL_ACCENT_COLOR_NAME = AccentColor;
				CODE_SIGN_IDENTITY = "iPhone Developer";
				CODE_SIGN_STYLE = Automatic;
				CURRENT_PROJECT_VERSION = 1;
				DEVELOPMENT_TEAM = "";
				INFOPLIST_FILE = BookShelf/Info.plist;
				INFOPLIST_KEY_NSCameraUsageDescription = "BookShelf needs camera access to scan book barcodes and covers";
				INFOPLIST_KEY_UIApplicationSceneManifest_Generation = YES;
				INFOPLIST_KEY_UIApplicationSupportsIndirectInputEvents = YES;
				INFOPLIST_KEY_UILaunchStoryboardName = LaunchScreen;
				INFOPLIST_KEY_UISupportedInterfaceOrientations_iPad = "UIInterfaceOrientationPortrait UIInterfaceOrientationPortraitUpsideDown UIInterfaceOrientationLandscapeLeft UIInterfaceOrientationLandscapeRight";
				INFOPLIST_KEY_UISupportedInterfaceOrientations_iPhone = "UIInterfaceOrientationPortrait UIInterfaceOrientationLandscapeLeft UIInterfaceOrientationLandscapeRight";
				LD_RUNPATH_SEARCH_PATHS = (
					"$(inherited)",
					"@executable_path/Frameworks",
				);
				MARKETING_VERSION = 1.0;
				PRODUCT_BUNDLE_IDENTIFIER = com.justinleung.bookshelf;
				SDKROOT = iphoneos;
				TARGETED_DEVICE_FAMILY = "1,2";
			};
			name = Release;
		};
		AA7395C4C0E83ACBEE570F4D /* Debug */ = {
			isa = XCBuildConfiguration;
			buildSettings = {
				ASSETCATALOG_COMPILER_APPICON_NAME = AppIcon;
				ASSETCATALOG_COMPILER_GLOBAL_ACCENT_COLOR_NAME = AccentColor;
				CODE_SIGN_IDENTITY = "iPhone Developer";
				CODE_SIGN_STYLE = Automatic;
				CURRENT_PROJECT_VERSION = 1;
				DEVELOPMENT_TEAM = "";
				INFOPLIST_FILE = BookShelf/Info.plist;
				INFOPLIST_KEY_NSCameraUsageDescription = "BookShelf needs camera access to scan book barcodes and covers";
				INFOPLIST_KEY_UIApplicationSceneManifest_Generation = YES;
				INFOPLIST_KEY_UIApplicationSupportsIndirectInputEvents = YES;
				INFOPLIST_KEY_UILaunchStoryboardName = LaunchScreen;
				INFOPLIST_KEY_UISupportedInterfaceOrientations_iPad = "UIInterfaceOrientationPortrait UIInterfaceOrientationPortraitUpsideDown UIInterfaceOrientationLandscapeLeft UIInterfaceOrientationLandscapeRight";
				INFOPLIST_KEY_UISupportedInterfaceOrientations_iPhone = "UIInterfaceOrientationPortrait UIInterfaceOrientationLandscapeLeft UIInterfaceOrientationLandscapeRight";
				LD_RUNPATH_SEARCH_PATHS = (
					"$(inherited)",
					"@executable_path/Frameworks",
				);
				MARKETING_VERSION = 1.0;
				PRODUCT_BUNDLE_IDENTIFIER = com.justinleung.bookshelf;
				SDKROOT = iphoneos;
				TARGETED_DEVICE_FAMILY = "1,2";
			};
			name = Debug;
		};
		ACDAD5CC6A453EB06D1F2C41 /* Release */ = {
			isa = XCBuildConfiguration;
			buildSettings = {
				BUNDLE_LOADER = "$(TEST_HOST)";
				CODE_SIGN_STYLE = Automatic;
				CURRENT_PROJECT_VERSION = 1;
				DEVELOPMENT_TEAM = "";
				LD_RUNPATH_SEARCH_PATHS = (
					"$(inherited)",
					"@executable_path/Frameworks",
					"@loader_path/Frameworks",
				);
				MARKETING_VERSION = 1.0;
				PRODUCT_BUNDLE_IDENTIFIER = com.justinleung.bookshelf.tests;
				SDKROOT = iphoneos;
				TARGETED_DEVICE_FAMILY = "1,2";
				TEST_HOST = "$(BUILT_PRODUCTS_DIR)/BookShelf.app/BookShelf";
			};
			name = Release;
		};
		F125FBCF916B906302A59067 /* Debug */ = {
			isa = XCBuildConfiguration;
			buildSettings = {
				BUNDLE_LOADER = "$(TEST_HOST)";
				CODE_SIGN_STYLE = Automatic;
				CURRENT_PROJECT_VERSION = 1;
				DEVELOPMENT_TEAM = "";
				LD_RUNPATH_SEARCH_PATHS = (
					"$(inherited)",
					"@executable_path/Frameworks",
					"@loader_path/Frameworks",
				);
				MARKETING_VERSION = 1.0;
				PRODUCT_BUNDLE_IDENTIFIER = com.justinleung.bookshelf.tests;
				SDKROOT = iphoneos;
				TARGETED_DEVICE_FAMILY = "1,2";
				TEST_HOST = "$(BUILT_PRODUCTS_DIR)/BookShelf.app/BookShelf";
			};
			name = Debug;
		};
/* End XCBuildConfiguration section */

/* Begin XCConfigurationList section */
		724C36065AF376DE94408B17 /* Build configuration list for PBXNativeTarget "BookShelfTests" */ = {
			isa = XCConfigurationList;
			buildConfigurations = (
				F125FBCF916B906302A59067 /* Debug */,
				ACDAD5CC6A453EB06D1F2C41 /* Release */,
			);
			defaultConfigurationIsVisible = 0;
			defaultConfigurationName = Debug;
		};
		92D761482AA2222A24F1D4B2 /* Build configuration list for PBXNativeTarget "BookShelf" */ = {
			isa = XCConfigurationList;
			buildConfigurations = (
				AA7395C4C0E83ACBEE570F4D /* Debug */,
				5B13063D433C10184B707921 /* Release */,
			);
			defaultConfigurationIsVisible = 0;
			defaultConfigurationName = Debug;
		};
		B45F5C4F95DAABB6ABCB14E5 /* Build configuration list for PBXProject "BookShelf" */ = {
			isa = XCConfigurationList;
			buildConfigurations = (
				3EDC61A9B13C0D8ACB4BA72C /* Debug */,
				3BBA7CA6E429F76B6E2568B0 /* Release */,
			);
			defaultConfigurationIsVisible = 0;
			defaultConfigurationName = Debug;
		};
/* End XCConfigurationList section */
	};
	rootObject = 4FEAA570074D771D330307FF /* Project object */;
}
