// !$*UTF8*$!
{
	archiveVersion = 1;
	classes = {
	};
	objectVersion = 63;
	objects = {

/* Begin PBXBuildFile section */
		0D4AEA71B0970818DF44B632 /* PreviewHostApp.swift in Sources */ = {isa = PBXBuildFile; fileRef = DC354F0EFA357E37FCAF672A /* PreviewHostApp.swift */; };
		1616F77B6A0B8839309BFF35 /* PreviewHostApp.swift in Sources */ = {isa = PBXBuildFile; fileRef = F27AB6148884F38A0A0EAE41 /* PreviewHostApp.swift */; };
		247D4D1D38CF306C346A3DF5 /* ScannerView.swift in Sources */ = {isa = PBXBuildFile; fileRef = FEE4D5731C59D11D80ED2C2A /* ScannerView.swift */; };
		2B6B60A1E38D162009DC80E2 /* Assets.xcassets in Resources */ = {isa = PBXBuildFile; fileRef = 73C3C6DB788E5D016C6F2387 /* Assets.xcassets */; };
		3F1BEDD91BACB63592F84835 /* BookShelfApp.swift in Sources */ = {isa = PBXBuildFile; fileRef = 96B46FC9EA65068DC22E5C9E /* BookShelfApp.swift */; };
		448C1C3B10EC026E2601096D /* _PreviewGenerated.swift in Sources */ = {isa = PBXBuildFile; fileRef = 9E457D364CA4DE50A268D14A /* _PreviewGenerated.swift */; };
		4AF25838BCB25CEC5AEB62E6 /* _PreviewGenerated.swift in Sources */ = {isa = PBXBuildFile; fileRef = CF9066E7A6527D092020192D /* _PreviewGenerated.swift */; };
		4D4FD1E3CEDA5D4D3FBA3D02 /* LaunchScreen.storyboard in Resources */ = {isa = PBXBuildFile; fileRef = 91BAE34C3F017A0A5E76E449 /* LaunchScreen.storyboard */; };
		577BBDED981F083B54F6E0FF /* BookDetailView.swift in Sources */ = {isa = PBXBuildFile; fileRef = F505296BBDC9587F1A98A418 /* BookDetailView.swift */; };
		57E29337D6A6FE1893F73258 /* _PreviewGenerated.swift in Sources */ = {isa = PBXBuildFile; fileRef = 1436613C02AA7181B6311236 /* _PreviewGenerated.swift */; };
		602D342A36F6F725C78B510D /* PreviewHostApp.swift in Sources */ = {isa = PBXBuildFile; fileRef = A16BC44D62257AF098085C41 /* PreviewHostApp.swift */; };
		6952B304E87F4245A083298D /* ImageCacheService.swift in Sources */ = {isa = PBXBuildFile; fileRef = DD5E704D6CD36193C174F23C /* ImageCacheService.swift */; };
		7208700D342CC32F93EDF897 /* _PreviewGenerated.swift in Sources */ = {isa = PBXBuildFile; fileRef = D782A2064A01D2A54779B912 /* _PreviewGenerated.swift */; };
		AA11BB22CC33DD44EE55FF66 /* AddBookView.swift in Sources */ = {isa = PBXBuildFile; fileRef = AA11BB22CC33DD44EE55FF67 /* AddBookView.swift */; };
		76AF5341653019932AE1F609 /* _PreviewGenerated.swift in Sources */ = {isa = PBXBuildFile; fileRef = A5EB36885E7F196DF81EB120 /* _PreviewGenerated.swift */; };
		99DC2115FD989132B14E69EB /* BookAPIService.swift in Sources */ = {isa = PBXBuildFile; fileRef = A293C05459B6A6074837B8DE /* BookAPIService.swift */; };
		9B80710FBB060A7F6B490B50 /* PreviewHostApp.swift in Sources */ = {isa = PBXBuildFile; fileRef = 367DE036DFE854C19EC3602F /* PreviewHostApp.swift */; };
		A252A78AC9DE2A56513AEE92 /* PreviewHostApp.swift in Sources */ = {isa = PBXBuildFile; fileRef = 2A73611A1B86B2FE11DC933B /* PreviewHostApp.swift */; };
		A2EBD5395945C91CE382BD1A /* BookshelfView.swift in Sources */ = {isa = PBXBuildFile; fileRef = 1440732A0F5F6E7EF910163B /* BookshelfView.swift */; };
		A4443F9618632ECAC288AA8A /* PreviewHostApp.swift in Sources */ = {isa = PBXBuildFile; fileRef = AF2884761FA8F7F4BE5D1AE1 /* PreviewHostApp.swift */; };
		AB12CD34EF56789012345678 /* StarRatingView.swift in Sources */ = {isa = PBXBuildFile; fileRef = AB12CD34EF56789012345679 /* StarRatingView.swift */; };
		BBCD059EAE7D759B13BCBBCC /* _PreviewGenerated.swift in Sources */ = {isa = PBXBuildFile; fileRef = E9FB8FBBCAA1BE1C810B049F /* _PreviewGenerated.swift */; };
		BC23DE45FA67890123456789 /* BookCoverView.swift in Sources */ = {isa = PBXBuildFile; fileRef = BC23DE45FA6789012345678A /* BookCoverView.swift */; };
		BE914B98CF9DFF9FF7F9E525 /* _PreviewGenerated.swift in Sources */ = {isa = PBXBuildFile; fileRef = EC1F9F87AE08DC3BFAFA9A8E /* _PreviewGenerated.swift */; };
		C892CAD7246F279977DAE567 /* BookshelfViewModel.swift in Sources */ = {isa = PBXBuildFile; fileRef = A1D50321986C3FFAD7AF8BAB /* BookshelfViewModel.swift */; };
		CD34EF56AB78901234567890 /* OnboardingView.swift in Sources */ = {isa = PBXBuildFile; fileRef = CD34EF56AB78901234567891 /* OnboardingView.swift */; };
		CF3F95426073628368318227 /* _PreviewGenerated.swift in Sources */ = {isa = PBXBuildFile; fileRef = B4033DD7F0E63663F9E77208 /* _PreviewGenerated.swift */; };
		CFDB89EA6181D2D45B096F2B /* PreviewHostApp.swift in Sources */ = {isa = PBXBuildFile; fileRef = 81010A7B1E2E97FF3E36A34A /* PreviewHostApp.swift */; };
		DE45FA67890123456789AB01 /* ReadingProgressBar.swift in Sources */ = {isa = PBXBuildFile; fileRef = DE45FA67890123456789AB02 /* ReadingProgressBar.swift */; };
		E33B50EF3C43D1635607C56D /* ContentView.swift in Sources */ = {isa = PBXBuildFile; fileRef = 6F14CB818A7077DE76FC63CF /* ContentView.swift */; };
		E795C2CBB906E037082B6CE3 /* Book.swift in Sources */ = {isa = PBXBuildFile; fileRef = DBE9138FF989E30EC42D785E /* Book.swift */; };
		EC4557EE6972AA44BBC3DB14 /* GoogleBooksService.swift in Sources */ = {isa = PBXBuildFile; fileRef = CFFD8A6170232E155BD6117D /* GoogleBooksService.swift */; };
		EF56AB78901234567890BC01 /* ProgressUpdateView.swift in Sources */ = {isa = PBXBuildFile; fileRef = EF56AB78901234567890BC02 /* ProgressUpdateView.swift */; };
		F5396DD2B981CA64EC55E4FF /* PreviewHostApp.swift in Sources */ = {isa = PBXBuildFile; fileRef = F2139312BD3FA07DFCD6F0A2 /* PreviewHostApp.swift */; };
		FA67890123456789ABCDEF01 /* ReadingProgressEntry.swift in Sources */ = {isa = PBXBuildFile; fileRef = FA67890123456789ABCDEF02 /* ReadingProgressEntry.swift */; };
		AA22BB33CC44DD55EE66FF01 /* ReadingGoal.swift in Sources */ = {isa = PBXBuildFile; fileRef = AA22BB33CC44DD55EE66FF02 /* ReadingGoal.swift */; };
		AA33CC44DD55EE66FF770001 /* NotificationService.swift in Sources */ = {isa = PBXBuildFile; fileRef = AA33CC44DD55EE66FF770002 /* NotificationService.swift */; };
		AA44DD55EE66FF7788000001 /* StatsSummaryCard.swift in Sources */ = {isa = PBXBuildFile; fileRef = AA44DD55EE66FF7788000002 /* StatsSummaryCard.swift */; };
		AA55EE66FF778899AA000001 /* StatsView.swift in Sources */ = {isa = PBXBuildFile; fileRef = AA55EE66FF778899AA000002 /* StatsView.swift */; };
		AA66FF778899AABB00000001 /* GoalSettingView.swift in Sources */ = {isa = PBXBuildFile; fileRef = AA66FF778899AABB00000002 /* GoalSettingView.swift */; };
		BB11AA22CC33DD44EE550001 /* ReadingChallenge.swift in Sources */ = {isa = PBXBuildFile; fileRef = BB11AA22CC33DD44EE550002 /* ReadingChallenge.swift */; };
		BB22CC33DD44EE55FF660001 /* ChallengeSetupView.swift in Sources */ = {isa = PBXBuildFile; fileRef = BB22CC33DD44EE55FF660002 /* ChallengeSetupView.swift */; };
		DD01AA11BB22DD33EE44FF01 /* ReadingSession.swift in Sources */ = {isa = PBXBuildFile; fileRef = CC01AA11BB22DD33EE44FF01 /* ReadingSession.swift */; };
		DD02AA11BB22DD33EE44FF02 /* BookNote.swift in Sources */ = {isa = PBXBuildFile; fileRef = CC02AA11BB22DD33EE44FF02 /* BookNote.swift */; };
		DD03AA11BB22DD33EE44FF03 /* StreakFreeze.swift in Sources */ = {isa = PBXBuildFile; fileRef = CC03AA11BB22DD33EE44FF03 /* StreakFreeze.swift */; };
		DD04AA11BB22DD33EE44FF04 /* ReadingTimerViewModel.swift in Sources */ = {isa = PBXBuildFile; fileRef = CC04AA11BB22DD33EE44FF04 /* ReadingTimerViewModel.swift */; };
		DD05AA11BB22DD33EE44FF05 /* MainTabView.swift in Sources */ = {isa = PBXBuildFile; fileRef = CC05AA11BB22DD33EE44FF05 /* MainTabView.swift */; };
		DD06AA11BB22DD33EE44FF06 /* CurrentlyReadingView.swift in Sources */ = {isa = PBXBuildFile; fileRef = CC06AA11BB22DD33EE44FF06 /* CurrentlyReadingView.swift */; };
		DD07AA11BB22DD33EE44FF07 /* ReadingTimerView.swift in Sources */ = {isa = PBXBuildFile; fileRef = CC07AA11BB22DD33EE44FF07 /* ReadingTimerView.swift */; };
		DD08AA11BB22DD33EE44FF08 /* EndSessionView.swift in Sources */ = {isa = PBXBuildFile; fileRef = CC08AA11BB22DD33EE44FF08 /* EndSessionView.swift */; };
		DD09AA11BB22DD33EE44FF09 /* TimerMiniPlayerView.swift in Sources */ = {isa = PBXBuildFile; fileRef = CC09AA11BB22DD33EE44FF09 /* TimerMiniPlayerView.swift */; };
		DD10AA11BB22DD33EE44FF10 /* CurrentlyReadingCard.swift in Sources */ = {isa = PBXBuildFile; fileRef = CC10AA11BB22DD33EE44FF10 /* CurrentlyReadingCard.swift */; };
		DD11AA11BB22DD33EE44FF11 /* DailyGoalBanner.swift in Sources */ = {isa = PBXBuildFile; fileRef = CC11AA11BB22DD33EE44FF11 /* DailyGoalBanner.swift */; };
		DD12AA11BB22DD33EE44FF12 /* StreakBadge.swift in Sources */ = {isa = PBXBuildFile; fileRef = CC12AA11BB22DD33EE44FF12 /* StreakBadge.swift */; };
		DD13AA11BB22DD33EE44FF13 /* WeeklyActivityChart.swift in Sources */ = {isa = PBXBuildFile; fileRef = CC13AA11BB22DD33EE44FF13 /* WeeklyActivityChart.swift */; };
		DD14AA11BB22DD33EE44FF14 /* WeeklySummaryCard.swift in Sources */ = {isa = PBXBuildFile; fileRef = CC14AA11BB22DD33EE44FF14 /* WeeklySummaryCard.swift */; };
		DD15AA11BB22DD33EE44FF15 /* ReadingInsightsCard.swift in Sources */ = {isa = PBXBuildFile; fileRef = CC15AA11BB22DD33EE44FF15 /* ReadingInsightsCard.swift */; };
		DD16AA11BB22DD33EE44FF16 /* QuoteOfTheDayCard.swift in Sources */ = {isa = PBXBuildFile; fileRef = CC16AA11BB22DD33EE44FF16 /* QuoteOfTheDayCard.swift */; };
		DD17AA11BB22DD33EE44FF17 /* QuoteScannerView.swift in Sources */ = {isa = PBXBuildFile; fileRef = CC17AA11BB22DD33EE44FF17 /* QuoteScannerView.swift */; };
		DD18AA11BB22DD33EE44FF18 /* QuoteEditView.swift in Sources */ = {isa = PBXBuildFile; fileRef = CC18AA11BB22DD33EE44FF18 /* QuoteEditView.swift */; };
		DD19AA11BB22DD33EE44FF19 /* NoteInputView.swift in Sources */ = {isa = PBXBuildFile; fileRef = CC19AA11BB22DD33EE44FF19 /* NoteInputView.swift */; };
		FB78901234567890BCDEF012 /* CircularProgressRing.swift in Sources */ = {isa = PBXBuildFile; fileRef = FB78901234567890BCDEF013 /* CircularProgressRing.swift */; };
		FF604C674FC4BA6FE8769BE5 /* BookShelfTests.swift in Sources */ = {isa = PBXBuildFile; fileRef = D8C7DE30EAA16B8622358C01 /* BookShelfTests.swift */; };
		TH01AA11BB22DD33EE44FF01 /* AppTheme.swift in Sources */ = {isa = PBXBuildFile; fileRef = TH01AA11BB22DD33EE44FF02 /* AppTheme.swift */; };
		TH02AA11BB22DD33EE44FF01 /* ThemeModifiers.swift in Sources */ = {isa = PBXBuildFile; fileRef = TH02AA11BB22DD33EE44FF02 /* ThemeModifiers.swift */; };
/* End PBXBuildFile section */

/* Begin PBXContainerItemProxy section */
		08EDDC59D3DE43D6F967022E /* PBXContainerItemProxy */ = {
			isa = PBXContainerItemProxy;
			containerPortal = 4FEAA570074D771D330307FF /* Project object */;
			proxyType = 1;
			remoteGlobalIDString = E039C457186FC768505D80C7;
			remoteInfo = BookShelf;
		};
/* End PBXContainerItemProxy section */

/* Begin PBXFileReference section */
		086E452072E8C394E41F3D09 /* PreviewHost.app */ = {isa = PBXFileReference; explicitFileType = wrapper.application; includeInIndex = 0; path = PreviewHost.app; sourceTree = BUILT_PRODUCTS_DIR; };
		1436613C02AA7181B6311236 /* _PreviewGenerated.swift */ = {isa = PBXFileReference; lastKnownFileType = sourcecode.swift; name = _PreviewGenerated.swift; path = /Users/justinleung/Documents/BookShelf/PreviewHost/_PreviewGenerated.swift; sourceTree = "<absolute>"; };
		1440732A0F5F6E7EF910163B /* BookshelfView.swift */ = {isa = PBXFileReference; lastKnownFileType = sourcecode.swift; path = BookshelfView.swift; sourceTree = "<group>"; };
		19E24CEDBE20E577168E9224 /* PreviewHost.app */ = {isa = PBXFileReference; explicitFileType = wrapper.application; includeInIndex = 0; path = PreviewHost.app; sourceTree = BUILT_PRODUCTS_DIR; };
		1D0CB35953FF1BABE5F7A5D2 /* PreviewHost.app */ = {isa = PBXFileReference; explicitFileType = wrapper.application; includeInIndex = 0; path = PreviewHost.app; sourceTree = BUILT_PRODUCTS_DIR; };
		2A73611A1B86B2FE11DC933B /* PreviewHostApp.swift */ = {isa = PBXFileReference; lastKnownFileType = sourcecode.swift; name = PreviewHostApp.swift; path = /Users/justinleung/Documents/BookShelf/PreviewHost/PreviewHostApp.swift; sourceTree = "<absolute>"; };
		367DE036DFE854C19EC3602F /* PreviewHostApp.swift */ = {isa = PBXFileReference; lastKnownFileType = sourcecode.swift; name = PreviewHostApp.swift; path = /Users/justinleung/Documents/BookShelf/PreviewHost/PreviewHostApp.swift; sourceTree = "<absolute>"; };
		3A8675AD3443C43F4644A541 /* PreviewHost.app */ = {isa = PBXFileReference; explicitFileType = wrapper.application; includeInIndex = 0; path = PreviewHost.app; sourceTree = BUILT_PRODUCTS_DIR; };
		4C6E85B518D0508DE11FE2DC /* PreviewHost.app */ = {isa = PBXFileReference; explicitFileType = wrapper.application; includeInIndex = 0; path = PreviewHost.app; sourceTree = BUILT_PRODUCTS_DIR; };
		6F14CB818A7077DE76FC63CF /* ContentView.swift */ = {isa = PBXFileReference; lastKnownFileType = sourcecode.swift; path = ContentView.swift; sourceTree = "<group>"; };
		72CC72351C8C8A72ACA01C47 /* PreviewHost.app */ = {isa = PBXFileReference; explicitFileType = wrapper.application; includeInIndex = 0; path = PreviewHost.app; sourceTree = BUILT_PRODUCTS_DIR; };
		73C3C6DB788E5D016C6F2387 /* Assets.xcassets */ = {isa = PBXFileReference; lastKnownFileType = folder.assetcatalog; path = Assets.xcassets; sourceTree = "<group>"; };
		7F3493947B2077B734B9998F /* PreviewHost.app */ = {isa = PBXFileReference; explicitFileType = wrapper.application; includeInIndex = 0; path = PreviewHost.app; sourceTree = BUILT_PRODUCTS_DIR; };
		81010A7B1E2E97FF3E36A34A /* PreviewHostApp.swift */ = {isa = PBXFileReference; lastKnownFileType = sourcecode.swift; name = PreviewHostApp.swift; path = /Users/justinleung/Documents/BookShelf/PreviewHost/PreviewHostApp.swift; sourceTree = "<absolute>"; };
		91BAE34C3F017A0A5E76E449 /* LaunchScreen.storyboard */ = {isa = PBXFileReference; lastKnownFileType = file.storyboard; path = LaunchScreen.storyboard; sourceTree = "<group>"; };
		96B46FC9EA65068DC22E5C9E /* BookShelfApp.swift */ = {isa = PBXFileReference; lastKnownFileType = sourcecode.swift; path = BookShelfApp.swift; sourceTree = "<group>"; };
		9E457D364CA4DE50A268D14A /* _PreviewGenerated.swift */ = {isa = PBXFileReference; lastKnownFileType = sourcecode.swift; name = _PreviewGenerated.swift; path = /Users/justinleung/Documents/BookShelf/PreviewHost/_PreviewGenerated.swift; sourceTree = "<absolute>"; };
		A153EBBB60C02E927C01E357 /* BookShelf.app */ = {isa = PBXFileReference; explicitFileType = wrapper.application; includeInIndex = 0; path = BookShelf.app; sourceTree = BUILT_PRODUCTS_DIR; };
		A16BC44D62257AF098085C41 /* PreviewHostApp.swift */ = {isa = PBXFileReference; lastKnownFileType = sourcecode.swift; name = PreviewHostApp.swift; path = /Users/justinleung/Documents/BookShelf/PreviewHost/PreviewHostApp.swift; sourceTree = "<absolute>"; };
		A1D50321986C3FFAD7AF8BAB /* BookshelfViewModel.swift */ = {isa = PBXFileReference; lastKnownFileType = sourcecode.swift; path = BookshelfViewModel.swift; sourceTree = "<group>"; };
		A293C05459B6A6074837B8DE /* BookAPIService.swift */ = {isa = PBXFileReference; lastKnownFileType = sourcecode.swift; path = BookAPIService.swift; sourceTree = "<group>"; };
		A5EB36885E7F196DF81EB120 /* _PreviewGenerated.swift */ = {isa = PBXFileReference; lastKnownFileType = sourcecode.swift; name = _PreviewGenerated.swift; path = /Users/justinleung/Documents/BookShelf/PreviewHost/_PreviewGenerated.swift; sourceTree = "<absolute>"; };
		AB12CD34EF56789012345679 /* StarRatingView.swift */ = {isa = PBXFileReference; lastKnownFileType = sourcecode.swift; path = StarRatingView.swift; sourceTree = "<group>"; };
		AF2884761FA8F7F4BE5D1AE1 /* PreviewHostApp.swift */ = {isa = PBXFileReference; lastKnownFileType = sourcecode.swift; name = PreviewHostApp.swift; path = /Users/justinleung/Documents/BookShelf/PreviewHost/PreviewHostApp.swift; sourceTree = "<absolute>"; };
		B4033DD7F0E63663F9E77208 /* _PreviewGenerated.swift */ = {isa = PBXFileReference; lastKnownFileType = sourcecode.swift; name = _PreviewGenerated.swift; path = /Users/justinleung/Documents/BookShelf/PreviewHost/_PreviewGenerated.swift; sourceTree = "<absolute>"; };
		B49F675AC3EEBA667BEF924B /* BookShelfTests.xctest */ = {isa = PBXFileReference; includeInIndex = 0; lastKnownFileType = wrapper.cfbundle; path = BookShelfTests.xctest; sourceTree = BUILT_PRODUCTS_DIR; };
		B57CD6C815A235DC35634392 /* PreviewHost.app */ = {isa = PBXFileReference; explicitFileType = wrapper.application; includeInIndex = 0; path = PreviewHost.app; sourceTree = BUILT_PRODUCTS_DIR; };
		BC23DE45FA6789012345678A /* BookCoverView.swift */ = {isa = PBXFileReference; lastKnownFileType = sourcecode.swift; path = BookCoverView.swift; sourceTree = "<group>"; };
		C74D28C674E2288972B005E6 /* Info.plist */ = {isa = PBXFileReference; lastKnownFileType = text.plist; path = Info.plist; sourceTree = "<group>"; };
		AA11BB22CC33DD44EE55FF67 /* AddBookView.swift */ = {isa = PBXFileReference; lastKnownFileType = sourcecode.swift; path = AddBookView.swift; sourceTree = "<group>"; };
		CD34EF56AB78901234567891 /* OnboardingView.swift */ = {isa = PBXFileReference; lastKnownFileType = sourcecode.swift; path = OnboardingView.swift; sourceTree = "<group>"; };
		CF9066E7A6527D092020192D /* _PreviewGenerated.swift */ = {isa = PBXFileReference; lastKnownFileType = sourcecode.swift; name = _PreviewGenerated.swift; path = /Users/justinleung/Documents/BookShelf/PreviewHost/_PreviewGenerated.swift; sourceTree = "<absolute>"; };
		CFFD8A6170232E155BD6117D /* GoogleBooksService.swift */ = {isa = PBXFileReference; lastKnownFileType = sourcecode.swift; path = GoogleBooksService.swift; sourceTree = "<group>"; };
		D782A2064A01D2A54779B912 /* _PreviewGenerated.swift */ = {isa = PBXFileReference; lastKnownFileType = sourcecode.swift; name = _PreviewGenerated.swift; path = /Users/justinleung/Documents/BookShelf/PreviewHost/_PreviewGenerated.swift; sourceTree = "<absolute>"; };
		D8C7DE30EAA16B8622358C01 /* BookShelfTests.swift */ = {isa = PBXFileReference; lastKnownFileType = sourcecode.swift; path = BookShelfTests.swift; sourceTree = "<group>"; };
		DBE9138FF989E30EC42D785E /* Book.swift */ = {isa = PBXFileReference; lastKnownFileType = sourcecode.swift; path = Book.swift; sourceTree = "<group>"; };
		DC354F0EFA357E37FCAF672A /* PreviewHostApp.swift */ = {isa = PBXFileReference; lastKnownFileType = sourcecode.swift; name = PreviewHostApp.swift; path = /Users/justinleung/Documents/BookShelf/PreviewHost/PreviewHostApp.swift; sourceTree = "<absolute>"; };
		DD5E704D6CD36193C174F23C /* ImageCacheService.swift */ = {isa = PBXFileReference; lastKnownFileType = sourcecode.swift; path = ImageCacheService.swift; sourceTree = "<group>"; };
		DE45FA67890123456789AB02 /* ReadingProgressBar.swift */ = {isa = PBXFileReference; lastKnownFileType = sourcecode.swift; path = ReadingProgressBar.swift; sourceTree = "<group>"; };
		E9FB8FBBCAA1BE1C810B049F /* _PreviewGenerated.swift */ = {isa = PBXFileReference; lastKnownFileType = sourcecode.swift; name = _PreviewGenerated.swift; path = /Users/justinleung/Documents/BookShelf/PreviewHost/_PreviewGenerated.swift; sourceTree = "<absolute>"; };
		EC1F9F87AE08DC3BFAFA9A8E /* _PreviewGenerated.swift */ = {isa = PBXFileReference; lastKnownFileType = sourcecode.swift; name = _PreviewGenerated.swift; path = /Users/justinleung/Documents/BookShelf/PreviewHost/_PreviewGenerated.swift; sourceTree = "<absolute>"; };
		EF56AB78901234567890BC02 /* ProgressUpdateView.swift */ = {isa = PBXFileReference; lastKnownFileType = sourcecode.swift; path = ProgressUpdateView.swift; sourceTree = "<group>"; };
		F2139312BD3FA07DFCD6F0A2 /* PreviewHostApp.swift */ = {isa = PBXFileReference; lastKnownFileType = sourcecode.swift; name = PreviewHostApp.swift; path = /Users/justinleung/Documents/BookShelf/PreviewHost/PreviewHostApp.swift; sourceTree = "<absolute>"; };
		F27AB6148884F38A0A0EAE41 /* PreviewHostApp.swift */ = {isa = PBXFileReference; lastKnownFileType = sourcecode.swift; name = PreviewHostApp.swift; path = /Users/justinleung/Documents/BookShelf/PreviewHost/PreviewHostApp.swift; sourceTree = "<absolute>"; };
		F505296BBDC9587F1A98A418 /* BookDetailView.swift */ = {isa = PBXFileReference; lastKnownFileType = sourcecode.swift; path = BookDetailView.swift; sourceTree = "<group>"; };
		FA67890123456789ABCDEF02 /* ReadingProgressEntry.swift */ = {isa = PBXFileReference; lastKnownFileType = sourcecode.swift; path = ReadingProgressEntry.swift; sourceTree = "<group>"; };
		AA22BB33CC44DD55EE66FF02 /* ReadingGoal.swift */ = {isa = PBXFileReference; lastKnownFileType = sourcecode.swift; path = ReadingGoal.swift; sourceTree = "<group>"; };
		BB11AA22CC33DD44EE550002 /* ReadingChallenge.swift */ = {isa = PBXFileReference; lastKnownFileType = sourcecode.swift; path = ReadingChallenge.swift; sourceTree = "<group>"; };
		BB22CC33DD44EE55FF660002 /* ChallengeSetupView.swift */ = {isa = PBXFileReference; lastKnownFileType = sourcecode.swift; path = ChallengeSetupView.swift; sourceTree = "<group>"; };
		CC01AA11BB22DD33EE44FF01 /* ReadingSession.swift */ = {isa = PBXFileReference; lastKnownFileType = sourcecode.swift; path = ReadingSession.swift; sourceTree = "<group>"; };
		CC02AA11BB22DD33EE44FF02 /* BookNote.swift */ = {isa = PBXFileReference; lastKnownFileType = sourcecode.swift; path = BookNote.swift; sourceTree = "<group>"; };
		CC03AA11BB22DD33EE44FF03 /* StreakFreeze.swift */ = {isa = PBXFileReference; lastKnownFileType = sourcecode.swift; path = StreakFreeze.swift; sourceTree = "<group>"; };
		CC04AA11BB22DD33EE44FF04 /* ReadingTimerViewModel.swift */ = {isa = PBXFileReference; lastKnownFileType = sourcecode.swift; path = ReadingTimerViewModel.swift; sourceTree = "<group>"; };
		CC05AA11BB22DD33EE44FF05 /* MainTabView.swift */ = {isa = PBXFileReference; lastKnownFileType = sourcecode.swift; path = MainTabView.swift; sourceTree = "<group>"; };
		CC06AA11BB22DD33EE44FF06 /* CurrentlyReadingView.swift */ = {isa = PBXFileReference; lastKnownFileType = sourcecode.swift; path = CurrentlyReadingView.swift; sourceTree = "<group>"; };
		CC07AA11BB22DD33EE44FF07 /* ReadingTimerView.swift */ = {isa = PBXFileReference; lastKnownFileType = sourcecode.swift; path = ReadingTimerView.swift; sourceTree = "<group>"; };
		CC08AA11BB22DD33EE44FF08 /* EndSessionView.swift */ = {isa = PBXFileReference; lastKnownFileType = sourcecode.swift; path = EndSessionView.swift; sourceTree = "<group>"; };
		CC09AA11BB22DD33EE44FF09 /* TimerMiniPlayerView.swift */ = {isa = PBXFileReference; lastKnownFileType = sourcecode.swift; path = TimerMiniPlayerView.swift; sourceTree = "<group>"; };
		CC10AA11BB22DD33EE44FF10 /* CurrentlyReadingCard.swift */ = {isa = PBXFileReference; lastKnownFileType = sourcecode.swift; path = CurrentlyReadingCard.swift; sourceTree = "<group>"; };
		CC11AA11BB22DD33EE44FF11 /* DailyGoalBanner.swift */ = {isa = PBXFileReference; lastKnownFileType = sourcecode.swift; path = DailyGoalBanner.swift; sourceTree = "<group>"; };
		CC12AA11BB22DD33EE44FF12 /* StreakBadge.swift */ = {isa = PBXFileReference; lastKnownFileType = sourcecode.swift; path = StreakBadge.swift; sourceTree = "<group>"; };
		CC13AA11BB22DD33EE44FF13 /* WeeklyActivityChart.swift */ = {isa = PBXFileReference; lastKnownFileType = sourcecode.swift; path = WeeklyActivityChart.swift; sourceTree = "<group>"; };
		CC14AA11BB22DD33EE44FF14 /* WeeklySummaryCard.swift */ = {isa = PBXFileReference; lastKnownFileType = sourcecode.swift; path = WeeklySummaryCard.swift; sourceTree = "<group>"; };
		CC15AA11BB22DD33EE44FF15 /* ReadingInsightsCard.swift */ = {isa = PBXFileReference; lastKnownFileType = sourcecode.swift; path = ReadingInsightsCard.swift; sourceTree = "<group>"; };
		CC16AA11BB22DD33EE44FF16 /* QuoteOfTheDayCard.swift */ = {isa = PBXFileReference; lastKnownFileType = sourcecode.swift; path = QuoteOfTheDayCard.swift; sourceTree = "<group>"; };
		CC17AA11BB22DD33EE44FF17 /* QuoteScannerView.swift */ = {isa = PBXFileReference; lastKnownFileType = sourcecode.swift; path = QuoteScannerView.swift; sourceTree = "<group>"; };
		CC18AA11BB22DD33EE44FF18 /* QuoteEditView.swift */ = {isa = PBXFileReference; lastKnownFileType = sourcecode.swift; path = QuoteEditView.swift; sourceTree = "<group>"; };
		CC19AA11BB22DD33EE44FF19 /* NoteInputView.swift */ = {isa = PBXFileReference; lastKnownFileType = sourcecode.swift; path = NoteInputView.swift; sourceTree = "<group>"; };
		AA33CC44DD55EE66FF770002 /* NotificationService.swift */ = {isa = PBXFileReference; lastKnownFileType = sourcecode.swift; path = NotificationService.swift; sourceTree = "<group>"; };
		AA44DD55EE66FF7788000002 /* StatsSummaryCard.swift */ = {isa = PBXFileReference; lastKnownFileType = sourcecode.swift; path = StatsSummaryCard.swift; sourceTree = "<group>"; };
		AA55EE66FF778899AA000002 /* StatsView.swift */ = {isa = PBXFileReference; lastKnownFileType = sourcecode.swift; path = StatsView.swift; sourceTree = "<group>"; };
		AA66FF778899AABB00000002 /* GoalSettingView.swift */ = {isa = PBXFileReference; lastKnownFileType = sourcecode.swift; path = GoalSettingView.swift; sourceTree = "<group>"; };
		FB78901234567890BCDEF013 /* CircularProgressRing.swift */ = {isa = PBXFileReference; lastKnownFileType = sourcecode.swift; path = CircularProgressRing.swift; sourceTree = "<group>"; };
		FEE4D5731C59D11D80ED2C2A /* ScannerView.swift */ = {isa = PBXFileReference; lastKnownFileType = sourcecode.swift; path = ScannerView.swift; sourceTree = "<group>"; };
		TH01AA11BB22DD33EE44FF02 /* AppTheme.swift */ = {isa = PBXFileReference; lastKnownFileType = sourcecode.swift; path = AppTheme.swift; sourceTree = "<group>"; };
		TH02AA11BB22DD33EE44FF02 /* ThemeModifiers.swift */ = {isa = PBXFileReference; lastKnownFileType = sourcecode.swift; path = ThemeModifiers.swift; sourceTree = "<group>"; };
/* End PBXFileReference section */

/* Begin PBXFrameworksBuildPhase section */
		1AA6DBB6F73ED024D15B5D30 /* Frameworks */ = {
			isa = PBXFrameworksBuildPhase;
			buildActionMask = 2147483647;
			files = (
			);
			runOnlyForDeploymentPostprocessing = 0;
		};
		49D5AB09DAA171130C5BE290 /* Frameworks */ = {
			isa = PBXFrameworksBuildPhase;
			buildActionMask = 2147483647;
			files = (
			);
			runOnlyForDeploymentPostprocessing = 0;
		};
		688EDDE5ED5FBC00E0D0A328 /* Frameworks */ = {
			isa = PBXFrameworksBuildPhase;
			buildActionMask = 2147483647;
			files = (
			);
			runOnlyForDeploymentPostprocessing = 0;
		};
		6A61E62F425A4A8BD95D215E /* Frameworks */ = {
			isa = PBXFrameworksBuildPhase;
			buildActionMask = 2147483647;
			files = (
			);
			runOnlyForDeploymentPostprocessing = 0;
		};
		911407E7EB8E37E4D2F7F761 /* Frameworks */ = {
			isa = PBXFrameworksBuildPhase;
			buildActionMask = 2147483647;
			files = (
			);
			runOnlyForDeploymentPostprocessing = 0;
		};
		912FEAABD2BB3F3414C9480D /* Frameworks */ = {
			isa = PBXFrameworksBuildPhase;
			buildActionMask = 2147483647;
			files = (
			);
			runOnlyForDeploymentPostprocessing = 0;
		};
		A1B2C3D4E5F6A7B8C9D0E1F2 /* Frameworks */ = {
			isa = PBXFrameworksBuildPhase;
			buildActionMask = 2147483647;
			files = (
			);
			runOnlyForDeploymentPostprocessing = 0;
		};
		B7C7A0C9C300CE2ECA841D8D /* Frameworks */ = {
			isa = PBXFrameworksBuildPhase;
			buildActionMask = 2147483647;
			files = (
			);
			runOnlyForDeploymentPostprocessing = 0;
		};
		E525A7D5E2CE20AE1779FFC2 /* Frameworks */ = {
			isa = PBXFrameworksBuildPhase;
			buildActionMask = 2147483647;
			files = (
			);
			runOnlyForDeploymentPostprocessing = 0;
		};
/* End PBXFrameworksBuildPhase section */

/* Begin PBXGroup section */
		00CC550F0C4FFEC2D1FC4E15 /* PreviewHost */ = {
			isa = PBXGroup;
			children = (
				AF2884761FA8F7F4BE5D1AE1 /* PreviewHostApp.swift */,
				B4033DD7F0E63663F9E77208 /* _PreviewGenerated.swift */,
			);
			name = PreviewHost;
			path = PreviewHost;
			sourceTree = "<group>";
		};
		08CE0ADFF7D50F4A12A3CC99 /* PreviewHost */ = {
			isa = PBXGroup;
			children = (
				F27AB6148884F38A0A0EAE41 /* PreviewHostApp.swift */,
				D782A2064A01D2A54779B912 /* _PreviewGenerated.swift */,
			);
			name = PreviewHost;
			path = PreviewHost;
			sourceTree = "<group>";
		};
		145DB01DB275522D901AF5E9 /* BookShelf */ = {
			isa = PBXGroup;
			children = (
				73C3C6DB788E5D016C6F2387 /* Assets.xcassets */,
				96B46FC9EA65068DC22E5C9E /* BookShelfApp.swift */,
				C74D28C674E2288972B005E6 /* Info.plist */,
				91BAE34C3F017A0A5E76E449 /* LaunchScreen.storyboard */,
				85A999D965B038B0B2C0B01C /* Models */,
				90FDCF4AED2B647E1B85049A /* Services */,
				TH00AA11BB22DD33EE44FF00 /* Theme */,
				245E35F418A75F9C3A152221 /* ViewModels */,
				CD27A44111AE4C916D00B850 /* Views */,
			);
			path = BookShelf;
			sourceTree = "<group>";
		};
		1AD23555CCCE06B3501A0940 /* BookShelfTests */ = {
			isa = PBXGroup;
			children = (
				D8C7DE30EAA16B8622358C01 /* BookShelfTests.swift */,
			);
			path = BookShelfTests;
			sourceTree = "<group>";
		};
		245E35F418A75F9C3A152221 /* ViewModels */ = {
			isa = PBXGroup;
			children = (
				A1D50321986C3FFAD7AF8BAB /* BookshelfViewModel.swift */,
				CC04AA11BB22DD33EE44FF04 /* ReadingTimerViewModel.swift */,
			);
			path = ViewModels;
			sourceTree = "<group>";
		};
		3BBBAC5CE6593C12EEBD207B = {
			isa = PBXGroup;
			children = (
				145DB01DB275522D901AF5E9 /* BookShelf */,
				1AD23555CCCE06B3501A0940 /* BookShelfTests */,
				CAE5610CD0FBB47A8ABBAA3F /* Products */,
			);
			sourceTree = "<group>";
		};
		6AA687DDC02BB516F09A964B /* PreviewHost */ = {
			isa = PBXGroup;
			children = (
				F2139312BD3FA07DFCD6F0A2 /* PreviewHostApp.swift */,
				EC1F9F87AE08DC3BFAFA9A8E /* _PreviewGenerated.swift */,
			);
			name = PreviewHost;
			path = PreviewHost;
			sourceTree = "<group>";
		};
		7AE1AD456531E75A1C00B2B3 /* PreviewHost */ = {
			isa = PBXGroup;
			children = (
				367DE036DFE854C19EC3602F /* PreviewHostApp.swift */,
				A5EB36885E7F196DF81EB120 /* _PreviewGenerated.swift */,
			);
			name = PreviewHost;
			path = PreviewHost;
			sourceTree = "<group>";
		};
		85A999D965B038B0B2C0B01C /* Models */ = {
			isa = PBXGroup;
			children = (
				DBE9138FF989E30EC42D785E /* Book.swift */,
				CC02AA11BB22DD33EE44FF02 /* BookNote.swift */,
				BB11AA22CC33DD44EE550002 /* ReadingChallenge.swift */,
				AA22BB33CC44DD55EE66FF02 /* ReadingGoal.swift */,
				FA67890123456789ABCDEF02 /* ReadingProgressEntry.swift */,
				CC01AA11BB22DD33EE44FF01 /* ReadingSession.swift */,
				CC03AA11BB22DD33EE44FF03 /* StreakFreeze.swift */,
			);
			path = Models;
			sourceTree = "<group>";
		};
		8608E55C3B916E8835F01BFF /* PreviewHost */ = {
			isa = PBXGroup;
			children = (
				A16BC44D62257AF098085C41 /* PreviewHostApp.swift */,
				E9FB8FBBCAA1BE1C810B049F /* _PreviewGenerated.swift */,
			);
			name = PreviewHost;
			path = PreviewHost;
			sourceTree = "<group>";
		};
		90FDCF4AED2B647E1B85049A /* Services */ = {
			isa = PBXGroup;
			children = (
				A293C05459B6A6074837B8DE /* BookAPIService.swift */,
				CFFD8A6170232E155BD6117D /* GoogleBooksService.swift */,
				DD5E704D6CD36193C174F23C /* ImageCacheService.swift */,
				AA33CC44DD55EE66FF770002 /* NotificationService.swift */,
			);
			path = Services;
			sourceTree = "<group>";
		};
		C037BEFCCCF352212DCCDC66 /* PreviewHost */ = {
			isa = PBXGroup;
			children = (
				DC354F0EFA357E37FCAF672A /* PreviewHostApp.swift */,
				1436613C02AA7181B6311236 /* _PreviewGenerated.swift */,
			);
			name = PreviewHost;
			path = PreviewHost;
			sourceTree = "<group>";
		};
		C4B3B1828251C74F982B70E7 /* PreviewHost */ = {
			isa = PBXGroup;
			children = (
				2A73611A1B86B2FE11DC933B /* PreviewHostApp.swift */,
				9E457D364CA4DE50A268D14A /* _PreviewGenerated.swift */,
			);
			name = PreviewHost;
			path = PreviewHost;
			sourceTree = "<group>";
		};
		CAE5610CD0FBB47A8ABBAA3F /* Products */ = {
			isa = PBXGroup;
			children = (
				A153EBBB60C02E927C01E357 /* BookShelf.app */,
				B49F675AC3EEBA667BEF924B /* BookShelfTests.xctest */,
				086E452072E8C394E41F3D09 /* PreviewHost.app */,
				72CC72351C8C8A72ACA01C47 /* PreviewHost.app */,
				3A8675AD3443C43F4644A541 /* PreviewHost.app */,
				4C6E85B518D0508DE11FE2DC /* PreviewHost.app */,
				B57CD6C815A235DC35634392 /* PreviewHost.app */,
				19E24CEDBE20E577168E9224 /* PreviewHost.app */,
				7F3493947B2077B734B9998F /* PreviewHost.app */,
				1D0CB35953FF1BABE5F7A5D2 /* PreviewHost.app */,
			);
			name = Products;
			sourceTree = "<group>";
		};
		CD27A44111AE4C916D00B850 /* Views */ = {
			isa = PBXGroup;
			children = (
				AA11BB22CC33DD44EE55FF67 /* AddBookView.swift */,
				BC23DE45FA6789012345678A /* BookCoverView.swift */,
				F505296BBDC9587F1A98A418 /* BookDetailView.swift */,
				1440732A0F5F6E7EF910163B /* BookshelfView.swift */,
				BB22CC33DD44EE55FF660002 /* ChallengeSetupView.swift */,
				FB78901234567890BCDEF013 /* CircularProgressRing.swift */,
				CC05AA11BB22DD33EE44FF05 /* MainTabView.swift */,
				CC06AA11BB22DD33EE44FF06 /* CurrentlyReadingView.swift */,
				6F14CB818A7077DE76FC63CF /* ContentView.swift */,
				AA66FF778899AABB00000002 /* GoalSettingView.swift */,
				CD34EF56AB78901234567891 /* OnboardingView.swift */,
				EF56AB78901234567890BC02 /* ProgressUpdateView.swift */,
				DE45FA67890123456789AB02 /* ReadingProgressBar.swift */,
				FEE4D5731C59D11D80ED2C2A /* ScannerView.swift */,
				AB12CD34EF56789012345679 /* StarRatingView.swift */,
				AA44DD55EE66FF7788000002 /* StatsSummaryCard.swift */,
				AA55EE66FF778899AA000002 /* StatsView.swift */,
				EE03AA11BB22DD33EE44FF03 /* Quotes */,
				EE02AA11BB22DD33EE44FF02 /* Reading */,
				EE01AA11BB22DD33EE44FF01 /* Timer */,
			);
			path = Views;
			sourceTree = "<group>";
		};
		EE01AA11BB22DD33EE44FF01 /* Timer */ = {
			isa = PBXGroup;
			children = (
				CC08AA11BB22DD33EE44FF08 /* EndSessionView.swift */,
				CC07AA11BB22DD33EE44FF07 /* ReadingTimerView.swift */,
				CC09AA11BB22DD33EE44FF09 /* TimerMiniPlayerView.swift */,
			);
			path = Timer;
			sourceTree = "<group>";
		};
		EE02AA11BB22DD33EE44FF02 /* Reading */ = {
			isa = PBXGroup;
			children = (
				CC10AA11BB22DD33EE44FF10 /* CurrentlyReadingCard.swift */,
				CC11AA11BB22DD33EE44FF11 /* DailyGoalBanner.swift */,
				CC16AA11BB22DD33EE44FF16 /* QuoteOfTheDayCard.swift */,
				CC15AA11BB22DD33EE44FF15 /* ReadingInsightsCard.swift */,
				CC12AA11BB22DD33EE44FF12 /* StreakBadge.swift */,
				CC13AA11BB22DD33EE44FF13 /* WeeklyActivityChart.swift */,
				CC14AA11BB22DD33EE44FF14 /* WeeklySummaryCard.swift */,
			);
			path = Reading;
			sourceTree = "<group>";
		};
		EE03AA11BB22DD33EE44FF03 /* Quotes */ = {
			isa = PBXGroup;
			children = (
				CC19AA11BB22DD33EE44FF19 /* NoteInputView.swift */,
				CC18AA11BB22DD33EE44FF18 /* QuoteEditView.swift */,
				CC17AA11BB22DD33EE44FF17 /* QuoteScannerView.swift */,
			);
			path = Quotes;
			sourceTree = "<group>";
		};
		DB5DB95B0A38770505B7D7A5 /* PreviewHost */ = {
			isa = PBXGroup;
			children = (
				81010A7B1E2E97FF3E36A34A /* PreviewHostApp.swift */,
				CF9066E7A6527D092020192D /* _PreviewGenerated.swift */,
			);
			name = PreviewHost;
			path = PreviewHost;
			sourceTree = "<group>";
		};
		TH00AA11BB22DD33EE44FF00 /* Theme */ = {
			isa = PBXGroup;
			children = (
				TH01AA11BB22DD33EE44FF02 /* AppTheme.swift */,
				TH02AA11BB22DD33EE44FF02 /* ThemeModifiers.swift */,
			);
			path = Theme;
			sourceTree = "<group>";
		};
/* End PBXGroup section */

/* Begin PBXNativeTarget section */
		BA48DFED19BBCD3E494F33E8 /* BookShelfTests */ = {
			isa = PBXNativeTarget;
			buildConfigurationList = 724C36065AF376DE94408B17 /* Build configuration list for PBXNativeTarget "BookShelfTests" */;
			buildPhases = (
				350FBE0FE657C35009EBEA64 /* Sources */,
				A1B2C3D4E5F6A7B8C9D0E1F2 /* Frameworks */,
			);
			buildRules = (
			);
			dependencies = (
				34CCAC509A922BD55696FD78 /* PBXTargetDependency */,
			);
			name = BookShelfTests;
			packageProductDependencies = (
			);
			productName = BookShelfTests;
			productReference = B49F675AC3EEBA667BEF924B /* BookShelfTests.xctest */;
			productType = "com.apple.product-type.bundle.unit-test";
		};
		E039C457186FC768505D80C7 /* BookShelf */ = {
			isa = PBXNativeTarget;
			buildConfigurationList = 92D761482AA2222A24F1D4B2 /* Build configuration list for PBXNativeTarget "BookShelf" */;
			buildPhases = (
				F6A713C0BF3C04FF72A7F71E /* SwiftLint */,
				99E80D29160937EAF444C951 /* Sources */,
				562C79CB13190D8669971853 /* Resources */,
			);
			buildRules = (
			);
			dependencies = (
			);
			name = BookShelf;
			packageProductDependencies = (
			);
			productName = BookShelf;
			productReference = A153EBBB60C02E927C01E357 /* BookShelf.app */;
			productType = "com.apple.product-type.application";
		};
/* End PBXNativeTarget section */

/* Begin PBXProject section */
		4FEAA570074D771D330307FF /* Project object */ = {
			isa = PBXProject;
			attributes = {
				BuildIndependentTargetsInParallel = YES;
				LastUpgradeCheck = 1500;
				TargetAttributes = {
					BA48DFED19BBCD3E494F33E8 = {
						DevelopmentTeam = "";
						ProvisioningStyle = Automatic;
					};
					E039C457186FC768505D80C7 = {
						ProvisioningStyle = Automatic;
					};
				};
			};
			buildConfigurationList = B45F5C4F95DAABB6ABCB14E5 /* Build configuration list for PBXProject "BookShelf" */;
			compatibilityVersion = "Xcode 14.0";
			developmentRegion = en;
			hasScannedForEncodings = 0;
			knownRegions = (
				Base,
				en,
			);
			mainGroup = 3BBBAC5CE6593C12EEBD207B;
			minimizedProjectReferenceProxies = 1;
			projectDirPath = "";
			projectRoot = "";
			targets = (
				E039C457186FC768505D80C7 /* BookShelf */,
				BA48DFED19BBCD3E494F33E8 /* BookShelfTests */,
				26B93A55A4F54EE0E5770D7A,
			);
		};
/* End PBXProject section */

/* Begin PBXResourcesBuildPhase section */
		00414DCD22AA3779D22F928E /* Resources */ = {
			isa = PBXResourcesBuildPhase;
			buildActionMask = 2147483647;
			files = (
			);
			runOnlyForDeploymentPostprocessing = 0;
		};
		318B582F1EAA432C67D36005 /* Resources */ = {
			isa = PBXResourcesBuildPhase;
			buildActionMask = 2147483647;
			files = (
			);
			runOnlyForDeploymentPostprocessing = 0;
		};
		44069388B282F86DE04CE58B /* Resources */ = {
			isa = PBXResourcesBuildPhase;
			buildActionMask = 2147483647;
			files = (
			);
			runOnlyForDeploymentPostprocessing = 0;
		};
		562C79CB13190D8669971853 /* Resources */ = {
			isa = PBXResourcesBuildPhase;
			buildActionMask = 2147483647;
			files = (
				2B6B60A1E38D162009DC80E2 /* Assets.xcassets in Resources */,
				4D4FD1E3CEDA5D4D3FBA3D02 /* LaunchScreen.storyboard in Resources */,
			);
			runOnlyForDeploymentPostprocessing = 0;
		};
		88B88AB7D681ECE560510D1C /* Resources */ = {
			isa = PBXResourcesBuildPhase;
			buildActionMask = 2147483647;
			files = (
			);
			runOnlyForDeploymentPostprocessing = 0;
		};
		A24A8A8971B2BE12DA372EAC /* Resources */ = {
			isa = PBXResourcesBuildPhase;
			buildActionMask = 2147483647;
			files = (
			);
			runOnlyForDeploymentPostprocessing = 0;
		};
		AA1B2B3EEDAE1D687A1809E4 /* Resources */ = {
			isa = PBXResourcesBuildPhase;
			buildActionMask = 2147483647;
			files = (
			);
			runOnlyForDeploymentPostprocessing = 0;
		};
		BC883E21959FF83E7512B767 /* Resources */ = {
			isa = PBXResourcesBuildPhase;
			buildActionMask = 2147483647;
			files = (
			);
			runOnlyForDeploymentPostprocessing = 0;
		};
		FAEA7BE099473EFC4C3CC9E9 /* Resources */ = {
			isa = PBXResourcesBuildPhase;
			buildActionMask = 2147483647;
			files = (
			);
			runOnlyForDeploymentPostprocessing = 0;
		};
/* End PBXResourcesBuildPhase section */

/* Begin PBXShellScriptBuildPhase section */
		F6A713C0BF3C04FF72A7F71E /* SwiftLint */ = {
			isa = PBXShellScriptBuildPhase;
			alwaysOutOfDate = 1;
			buildActionMask = 2147483647;
			files = (
			);
			inputFileListPaths = (
			);
			inputPaths = (
			);
			name = SwiftLint;
			outputFileListPaths = (
			);
			outputPaths = (
			);
			runOnlyForDeploymentPostprocessing = 0;
			shellPath = /bin/sh;
			shellScript = "if which swiftlint > /dev/null; then\n  swiftlint\nelse\n  echo \"warning: SwiftLint not installed, download from https://github.com/realm/SwiftLint\"\nfi\n";
		};
/* End PBXShellScriptBuildPhase section */

/* Begin PBXSourcesBuildPhase section */
		054519FBED1F7D20FB369458 /* Sources */ = {
			isa = PBXSourcesBuildPhase;
			buildActionMask = 2147483647;
			files = (
				1616F77B6A0B8839309BFF35 /* PreviewHostApp.swift in Sources */,
				7208700D342CC32F93EDF897 /* _PreviewGenerated.swift in Sources */,
			);
			runOnlyForDeploymentPostprocessing = 0;
		};
		329807788910D85BD2341B3F /* Sources */ = {
			isa = PBXSourcesBuildPhase;
			buildActionMask = 2147483647;
			files = (
				A4443F9618632ECAC288AA8A /* PreviewHostApp.swift in Sources */,
				CF3F95426073628368318227 /* _PreviewGenerated.swift in Sources */,
			);
			runOnlyForDeploymentPostprocessing = 0;
		};
		350FBE0FE657C35009EBEA64 /* Sources */ = {
			isa = PBXSourcesBuildPhase;
			buildActionMask = 2147483647;
			files = (
				FF604C674FC4BA6FE8769BE5 /* BookShelfTests.swift in Sources */,
			);
			runOnlyForDeploymentPostprocessing = 0;
		};
		5CC61F59C98C1B10B4C64B42 /* Sources */ = {
			isa = PBXSourcesBuildPhase;
			buildActionMask = 2147483647;
			files = (
				CFDB89EA6181D2D45B096F2B /* PreviewHostApp.swift in Sources */,
				4AF25838BCB25CEC5AEB62E6 /* _PreviewGenerated.swift in Sources */,
			);
			runOnlyForDeploymentPostprocessing = 0;
		};
		8885F0824B9A5C3401CD9132 /* Sources */ = {
			isa = PBXSourcesBuildPhase;
			buildActionMask = 2147483647;
			files = (
				602D342A36F6F725C78B510D /* PreviewHostApp.swift in Sources */,
				BBCD059EAE7D759B13BCBBCC /* _PreviewGenerated.swift in Sources */,
			);
			runOnlyForDeploymentPostprocessing = 0;
		};
		99E80D29160937EAF444C951 /* Sources */ = {
			isa = PBXSourcesBuildPhase;
			buildActionMask = 2147483647;
			files = (
				AA11BB22CC33DD44EE55FF66 /* AddBookView.swift in Sources */,
				E795C2CBB906E037082B6CE3 /* Book.swift in Sources */,
				99DC2115FD989132B14E69EB /* BookAPIService.swift in Sources */,
				BC23DE45FA67890123456789 /* BookCoverView.swift in Sources */,
				577BBDED981F083B54F6E0FF /* BookDetailView.swift in Sources */,
				DD02AA11BB22DD33EE44FF02 /* BookNote.swift in Sources */,
				3F1BEDD91BACB63592F84835 /* BookShelfApp.swift in Sources */,
				A2EBD5395945C91CE382BD1A /* BookshelfView.swift in Sources */,
				C892CAD7246F279977DAE567 /* BookshelfViewModel.swift in Sources */,
				BB22CC33DD44EE55FF660001 /* ChallengeSetupView.swift in Sources */,
				FB78901234567890BCDEF012 /* CircularProgressRing.swift in Sources */,
				E33B50EF3C43D1635607C56D /* ContentView.swift in Sources */,
				DD10AA11BB22DD33EE44FF10 /* CurrentlyReadingCard.swift in Sources */,
				DD06AA11BB22DD33EE44FF06 /* CurrentlyReadingView.swift in Sources */,
				DD11AA11BB22DD33EE44FF11 /* DailyGoalBanner.swift in Sources */,
				DD08AA11BB22DD33EE44FF08 /* EndSessionView.swift in Sources */,
				AA66FF778899AABB00000001 /* GoalSettingView.swift in Sources */,
				EC4557EE6972AA44BBC3DB14 /* GoogleBooksService.swift in Sources */,
				6952B304E87F4245A083298D /* ImageCacheService.swift in Sources */,
				DD05AA11BB22DD33EE44FF05 /* MainTabView.swift in Sources */,
				DD19AA11BB22DD33EE44FF19 /* NoteInputView.swift in Sources */,
				AA33CC44DD55EE66FF770001 /* NotificationService.swift in Sources */,
				CD34EF56AB78901234567890 /* OnboardingView.swift in Sources */,
				EF56AB78901234567890BC01 /* ProgressUpdateView.swift in Sources */,
				DD18AA11BB22DD33EE44FF18 /* QuoteEditView.swift in Sources */,
				DD16AA11BB22DD33EE44FF16 /* QuoteOfTheDayCard.swift in Sources */,
				DD17AA11BB22DD33EE44FF17 /* QuoteScannerView.swift in Sources */,
				BB11AA22CC33DD44EE550001 /* ReadingChallenge.swift in Sources */,
				AA22BB33CC44DD55EE66FF01 /* ReadingGoal.swift in Sources */,
				DD15AA11BB22DD33EE44FF15 /* ReadingInsightsCard.swift in Sources */,
				FA67890123456789ABCDEF01 /* ReadingProgressEntry.swift in Sources */,
				DE45FA67890123456789AB01 /* ReadingProgressBar.swift in Sources */,
				DD01AA11BB22DD33EE44FF01 /* ReadingSession.swift in Sources */,
				DD07AA11BB22DD33EE44FF07 /* ReadingTimerView.swift in Sources */,
				DD04AA11BB22DD33EE44FF04 /* ReadingTimerViewModel.swift in Sources */,
				247D4D1D38CF306C346A3DF5 /* ScannerView.swift in Sources */,
				AB12CD34EF56789012345678 /* StarRatingView.swift in Sources */,
				AA44DD55EE66FF7788000001 /* StatsSummaryCard.swift in Sources */,
				TH01AA11BB22DD33EE44FF01 /* AppTheme.swift in Sources */,
				TH02AA11BB22DD33EE44FF01 /* ThemeModifiers.swift in Sources */,
				AA55EE66FF778899AA000001 /* StatsView.swift in Sources */,
				DD12AA11BB22DD33EE44FF12 /* StreakBadge.swift in Sources */,
				DD03AA11BB22DD33EE44FF03 /* StreakFreeze.swift in Sources */,
				DD09AA11BB22DD33EE44FF09 /* TimerMiniPlayerView.swift in Sources */,
				DD13AA11BB22DD33EE44FF13 /* WeeklyActivityChart.swift in Sources */,
				DD14AA11BB22DD33EE44FF14 /* WeeklySummaryCard.swift in Sources */,
			);
			runOnlyForDeploymentPostprocessing = 0;
		};
		DBB4392EACAE8B9D40CD492E /* Sources */ = {
			isa = PBXSourcesBuildPhase;
			buildActionMask = 2147483647;
			files = (
				F5396DD2B981CA64EC55E4FF /* PreviewHostApp.swift in Sources */,
				BE914B98CF9DFF9FF7F9E525 /* _PreviewGenerated.swift in Sources */,
			);
			runOnlyForDeploymentPostprocessing = 0;
		};
		E3682ACCBDF093505F66D64A /* Sources */ = {
			isa = PBXSourcesBuildPhase;
			buildActionMask = 2147483647;
			files = (
				9B80710FBB060A7F6B490B50 /* PreviewHostApp.swift in Sources */,
				76AF5341653019932AE1F609 /* _PreviewGenerated.swift in Sources */,
			);
			runOnlyForDeploymentPostprocessing = 0;
		};
		EBE94D7B8F57E831B6527A46 /* Sources */ = {
			isa = PBXSourcesBuildPhase;
			buildActionMask = 2147483647;
			files = (
				0D4AEA71B0970818DF44B632 /* PreviewHostApp.swift in Sources */,
				57E29337D6A6FE1893F73258 /* _PreviewGenerated.swift in Sources */,
			);
			runOnlyForDeploymentPostprocessing = 0;
		};
		F4B744F7882C11CEEF531CBB /* Sources */ = {
			isa = PBXSourcesBuildPhase;
			buildActionMask = 2147483647;
			files = (
				A252A78AC9DE2A56513AEE92 /* PreviewHostApp.swift in Sources */,
				448C1C3B10EC026E2601096D /* _PreviewGenerated.swift in Sources */,
			);
			runOnlyForDeploymentPostprocessing = 0;
		};
/* End PBXSourcesBuildPhase section */

/* Begin PBXTargetDependency section */
		34CCAC509A922BD55696FD78 /* PBXTargetDependency */ = {
			isa = PBXTargetDependency;
			target = E039C457186FC768505D80C7 /* BookShelf */;
			targetProxy = 08EDDC59D3DE43D6F967022E /* PBXContainerItemProxy */;
		};
/* End PBXTargetDependency section */

/* Begin XCBuildConfiguration section */
		224A2DB3F7B7E2B29EE6C8BA /* Debug */ = {
			isa = XCBuildConfiguration;
			buildSettings = {
				CODE_SIGN_STYLE = Automatic;
				GENERATE_INFOPLIST_FILE = YES;
				INFOPLIST_KEY_UIApplicationSceneManifest_Generation = YES;
				INFOPLIST_KEY_UILaunchScreen_Generation = YES;
				IPHONEOS_DEPLOYMENT_TARGET = 17.0;
				LD_RUNPATH_SEARCH_PATHS = (
					"$(inherited)",
					"@executable_path/Frameworks",
				);
				PRODUCT_BUNDLE_IDENTIFIER = com.preview.host;
				PRODUCT_NAME = PreviewHost;
				SDKROOT = iphoneos;
				SWIFT_VERSION = 5.0;
			};
			name = Debug;
		};
		32C11774B8D3952E8A893EFA /* Release */ = {
			isa = XCBuildConfiguration;
			buildSettings = {
				CODE_SIGN_STYLE = Automatic;
				GENERATE_INFOPLIST_FILE = YES;
				INFOPLIST_KEY_UIApplicationSceneManifest_Generation = YES;
				INFOPLIST_KEY_UILaunchScreen_Generation = YES;
				IPHONEOS_DEPLOYMENT_TARGET = 17.0;
				LD_RUNPATH_SEARCH_PATHS = (
					"$(inherited)",
					"@executable_path/Frameworks",
				);
				PRODUCT_BUNDLE_IDENTIFIER = com.preview.host;
				PRODUCT_NAME = PreviewHost;
				SDKROOT = iphoneos;
				SWIFT_VERSION = 5.0;
			};
			name = Release;
		};
		3824A5639FBB930A31010ED5 /* Debug */ = {
			isa = XCBuildConfiguration;
			buildSettings = {
				CODE_SIGN_STYLE = Automatic;
				GENERATE_INFOPLIST_FILE = YES;
				INFOPLIST_KEY_UIApplicationSceneManifest_Generation = YES;
				INFOPLIST_KEY_UILaunchScreen_Generation = YES;
				IPHONEOS_DEPLOYMENT_TARGET = 17.0;
				LD_RUNPATH_SEARCH_PATHS = (
					"$(inherited)",
					"@executable_path/Frameworks",
				);
				PRODUCT_BUNDLE_IDENTIFIER = com.preview.host;
				PRODUCT_NAME = PreviewHost;
				SDKROOT = iphoneos;
				SWIFT_VERSION = 5.0;
			};
			name = Debug;
		};
		3BBA7CA6E429F76B6E2568B0 /* Release */ = {
			isa = XCBuildConfiguration;
			buildSettings = {
				ALWAYS_SEARCH_USER_PATHS = NO;
				CLANG_ANALYZER_NONNULL = YES;
				CLANG_ANALYZER_NUMBER_OBJECT_CONVERSION = YES_AGGRESSIVE;
				CLANG_CXX_LANGUAGE_STANDARD = "gnu++14";
				CLANG_CXX_LIBRARY = "libc++";
				CLANG_ENABLE_MODULES = YES;
				CLANG_ENABLE_OBJC_ARC = YES;
				CLANG_ENABLE_OBJC_WEAK = YES;
				CLANG_WARN_BLOCK_CAPTURE_AUTORELEASING = YES;
				CLANG_WARN_BOOL_CONVERSION = YES;
				CLANG_WARN_COMMA = YES;
				CLANG_WARN_CONSTANT_CONVERSION = YES;
				CLANG_WARN_DEPRECATED_OBJC_IMPLEMENTATIONS = YES;
				CLANG_WARN_DIRECT_OBJC_ISA_USAGE = YES_ERROR;
				CLANG_WARN_DOCUMENTATION_COMMENTS = YES;
				CLANG_WARN_EMPTY_BODY = YES;
				CLANG_WARN_ENUM_CONVERSION = YES;
				CLANG_WARN_INFINITE_RECURSION = YES;
				CLANG_WARN_INT_CONVERSION = YES;
				CLANG_WARN_NON_LITERAL_NULL_CONVERSION = YES;
				CLANG_WARN_OBJC_IMPLICIT_RETAIN_SELF = YES;
				CLANG_WARN_OBJC_LITERAL_CONVERSION = YES;
				CLANG_WARN_OBJC_ROOT_CLASS = YES_ERROR;
				CLANG_WARN_QUOTED_INCLUDE_IN_FRAMEWORK_HEADER = YES;
				CLANG_WARN_RANGE_LOOP_ANALYSIS = YES;
				CLANG_WARN_STRICT_PROTOTYPES = YES;
				CLANG_WARN_SUSPICIOUS_MOVE = YES;
				CLANG_WARN_UNGUARDED_AVAILABILITY = YES_AGGRESSIVE;
				CLANG_WARN_UNREACHABLE_CODE = YES;
				CLANG_WARN__DUPLICATE_METHOD_MATCH = YES;
				COPY_PHASE_STRIP = NO;
				DEBUG_INFORMATION_FORMAT = "dwarf-with-dsym";
				ENABLE_NS_ASSERTIONS = NO;
				ENABLE_STRICT_OBJC_MSGSEND = YES;
				GCC_C_LANGUAGE_STANDARD = gnu11;
				GCC_NO_COMMON_BLOCKS = YES;
				GCC_WARN_64_TO_32_BIT_CONVERSION = YES;
				GCC_WARN_ABOUT_RETURN_TYPE = YES_ERROR;
				GCC_WARN_UNDECLARED_SELECTOR = YES;
				GCC_WARN_UNINITIALIZED_AUTOS = YES_AGGRESSIVE;
				GCC_WARN_UNUSED_FUNCTION = YES;
				GCC_WARN_UNUSED_VARIABLE = YES;
				GENERATE_INFOPLIST_FILE = YES;
				IPHONEOS_DEPLOYMENT_TARGET = 17.0;
				MTL_ENABLE_DEBUG_INFO = NO;
				MTL_FAST_MATH = YES;
				PRODUCT_NAME = "$(TARGET_NAME)";
				SDKROOT = iphoneos;
				SWIFT_COMPILATION_MODE = wholemodule;
				SWIFT_OPTIMIZATION_LEVEL = "-O";
				SWIFT_VERSION = 5.0;
			};
			name = Release;
		};
		3BE495F5C1D64B77AFA60EE0 /* Release */ = {
			isa = XCBuildConfiguration;
			buildSettings = {
				CODE_SIGN_STYLE = Automatic;
				GENERATE_INFOPLIST_FILE = YES;
				INFOPLIST_KEY_UIApplicationSceneManifest_Generation = YES;
				INFOPLIST_KEY_UILaunchScreen_Generation = YES;
				IPHONEOS_DEPLOYMENT_TARGET = 17.0;
				LD_RUNPATH_SEARCH_PATHS = (
					"$(inherited)",
					"@executable_path/Frameworks",
				);
				PRODUCT_BUNDLE_IDENTIFIER = com.preview.host;
				PRODUCT_NAME = PreviewHost;
				SDKROOT = iphoneos;
				SWIFT_VERSION = 5.0;
			};
			name = Release;
		};
		3EDC61A9B13C0D8ACB4BA72C /* Debug */ = {
			isa = XCBuildConfiguration;
			buildSettings = {
				ALWAYS_SEARCH_USER_PATHS = NO;
				CLANG_ANALYZER_NONNULL = YES;
				CLANG_ANALYZER_NUMBER_OBJECT_CONVERSION = YES_AGGRESSIVE;
				CLANG_CXX_LANGUAGE_STANDARD = "gnu++14";
				CLANG_CXX_LIBRARY = "libc++";
				CLANG_ENABLE_MODULES = YES;
				CLANG_ENABLE_OBJC_ARC = YES;
				CLANG_ENABLE_OBJC_WEAK = YES;
				CLANG_WARN_BLOCK_CAPTURE_AUTORELEASING = YES;
				CLANG_WARN_BOOL_CONVERSION = YES;
				CLANG_WARN_COMMA = YES;
				CLANG_WARN_CONSTANT_CONVERSION = YES;
				CLANG_WARN_DEPRECATED_OBJC_IMPLEMENTATIONS = YES;
				CLANG_WARN_DIRECT_OBJC_ISA_USAGE = YES_ERROR;
				CLANG_WARN_DOCUMENTATION_COMMENTS = YES;
				CLANG_WARN_EMPTY_BODY = YES;
				CLANG_WARN_ENUM_CONVERSION = YES;
				CLANG_WARN_INFINITE_RECURSION = YES;
				CLANG_WARN_INT_CONVERSION = YES;
				CLANG_WARN_NON_LITERAL_NULL_CONVERSION = YES;
				CLANG_WARN_OBJC_IMPLICIT_RETAIN_SELF = YES;
				CLANG_WARN_OBJC_LITERAL_CONVERSION = YES;
				CLANG_WARN_OBJC_ROOT_CLASS = YES_ERROR;
				CLANG_WARN_QUOTED_INCLUDE_IN_FRAMEWORK_HEADER = YES;
				CLANG_WARN_RANGE_LOOP_ANALYSIS = YES;
				CLANG_WARN_STRICT_PROTOTYPES = YES;
				CLANG_WARN_SUSPICIOUS_MOVE = YES;
				CLANG_WARN_UNGUARDED_AVAILABILITY = YES_AGGRESSIVE;
				CLANG_WARN_UNREACHABLE_CODE = YES;
				CLANG_WARN__DUPLICATE_METHOD_MATCH = YES;
				COPY_PHASE_STRIP = NO;
				DEBUG_INFORMATION_FORMAT = dwarf;
				ENABLE_STRICT_OBJC_MSGSEND = YES;
				ENABLE_TESTABILITY = YES;
				GCC_C_LANGUAGE_STANDARD = gnu11;
				GCC_DYNAMIC_NO_PIC = NO;
				GCC_NO_COMMON_BLOCKS = YES;
				GCC_OPTIMIZATION_LEVEL = 0;
				GCC_PREPROCESSOR_DEFINITIONS = (
					"$(inherited)",
					"DEBUG=1",
				);
				GCC_WARN_64_TO_32_BIT_CONVERSION = YES;
				GCC_WARN_ABOUT_RETURN_TYPE = YES_ERROR;
				GCC_WARN_UNDECLARED_SELECTOR = YES;
				GCC_WARN_UNINITIALIZED_AUTOS = YES_AGGRESSIVE;
				GCC_WARN_UNUSED_FUNCTION = YES;
				GCC_WARN_UNUSED_VARIABLE = YES;
				GENERATE_INFOPLIST_FILE = YES;
				IPHONEOS_DEPLOYMENT_TARGET = 17.0;
				MTL_ENABLE_DEBUG_INFO = INCLUDE_SOURCE;
				MTL_FAST_MATH = YES;
				ONLY_ACTIVE_ARCH = YES;
				PRODUCT_NAME = "$(TARGET_NAME)";
				SDKROOT = iphoneos;
				SWIFT_ACTIVE_COMPILATION_CONDITIONS = DEBUG;
				SWIFT_OPTIMIZATION_LEVEL = "-Onone";
				SWIFT_VERSION = 5.0;
			};
			name = Debug;
		};
		49121399C928320FAC997051 /* Debug */ = {
			isa = XCBuildConfiguration;
			buildSettings = {
				CODE_SIGN_STYLE = Automatic;
				GENERATE_INFOPLIST_FILE = YES;
				INFOPLIST_KEY_UIApplicationSceneManifest_Generation = YES;
				INFOPLIST_KEY_UILaunchScreen_Generation = YES;
				IPHONEOS_DEPLOYMENT_TARGET = 17.0;
				LD_RUNPATH_SEARCH_PATHS = (
					"$(inherited)",
					"@executable_path/Frameworks",
				);
				PRODUCT_BUNDLE_IDENTIFIER = com.preview.host;
				PRODUCT_NAME = PreviewHost;
				SDKROOT = iphoneos;
				SWIFT_VERSION = 5.0;
			};
			name = Debug;
		};
		546E2881157F43471731F3EB /* Release */ = {
			isa = XCBuildConfiguration;
			buildSettings = {
				CODE_SIGN_STYLE = Automatic;
				GENERATE_INFOPLIST_FILE = YES;
				INFOPLIST_KEY_UIApplicationSceneManifest_Generation = YES;
				INFOPLIST_KEY_UILaunchScreen_Generation = YES;
				IPHONEOS_DEPLOYMENT_TARGET = 17.0;
				LD_RUNPATH_SEARCH_PATHS = (
					"$(inherited)",
					"@executable_path/Frameworks",
				);
				PRODUCT_BUNDLE_IDENTIFIER = com.preview.host;
				PRODUCT_NAME = PreviewHost;
				SDKROOT = iphoneos;
				SWIFT_VERSION = 5.0;
			};
			name = Release;
		};
		5B13063D433C10184B707921 /* Release */ = {
			isa = XCBuildConfiguration;
			buildSettings = {
				ASSETCATALOG_COMPILER_APPICON_NAME = AppIcon;
				ASSETCATALOG_COMPILER_GLOBAL_ACCENT_COLOR_NAME = AccentColor;
				CODE_SIGN_IDENTITY = "iPhone Developer";
				CODE_SIGN_STYLE = Automatic;
				CURRENT_PROJECT_VERSION = 1;
				DEVELOPMENT_TEAM = 9VLYRHBR59;
				INFOPLIST_FILE = BookShelf/Info.plist;
				INFOPLIST_KEY_NSCameraUsageDescription = "BookShelf needs camera access to scan book barcodes and covers";
				INFOPLIST_KEY_UIApplicationSceneManifest_Generation = YES;
				INFOPLIST_KEY_UIApplicationSupportsIndirectInputEvents = YES;
				INFOPLIST_KEY_UILaunchStoryboardName = LaunchScreen;
				INFOPLIST_KEY_UISupportedInterfaceOrientations_iPad = "UIInterfaceOrientationPortrait UIInterfaceOrientationPortraitUpsideDown UIInterfaceOrientationLandscapeLeft UIInterfaceOrientationLandscapeRight";
				INFOPLIST_KEY_UISupportedInterfaceOrientations_iPhone = "UIInterfaceOrientationPortrait UIInterfaceOrientationLandscapeLeft UIInterfaceOrientationLandscapeRight";
				LD_RUNPATH_SEARCH_PATHS = (
					"$(inherited)",
					"@executable_path/Frameworks",
				);
				MARKETING_VERSION = 1.0;
				PRODUCT_BUNDLE_IDENTIFIER = com.justinleung.bookshelf;
				SDKROOT = iphoneos;
				TARGETED_DEVICE_FAMILY = "1,2";
			};
			name = Release;
		};
		5CA888A6E9F1A627CDB73A7F /* Release */ = {
			isa = XCBuildConfiguration;
			buildSettings = {
				CODE_SIGN_STYLE = Automatic;
				GENERATE_INFOPLIST_FILE = YES;
				INFOPLIST_KEY_UIApplicationSceneManifest_Generation = YES;
				INFOPLIST_KEY_UILaunchScreen_Generation = YES;
				IPHONEOS_DEPLOYMENT_TARGET = 17.0;
				LD_RUNPATH_SEARCH_PATHS = (
					"$(inherited)",
					"@executable_path/Frameworks",
				);
				PRODUCT_BUNDLE_IDENTIFIER = com.preview.host;
				PRODUCT_NAME = PreviewHost;
				SDKROOT = iphoneos;
				SWIFT_VERSION = 5.0;
			};
			name = Release;
		};
		5DD7235E2AAC3C8C75BF4D42 /* Release */ = {
			isa = XCBuildConfiguration;
			buildSettings = {
				CODE_SIGN_STYLE = Automatic;
				GENERATE_INFOPLIST_FILE = YES;
				INFOPLIST_KEY_UIApplicationSceneManifest_Generation = YES;
				INFOPLIST_KEY_UILaunchScreen_Generation = YES;
				IPHONEOS_DEPLOYMENT_TARGET = 17.0;
				LD_RUNPATH_SEARCH_PATHS = (
					"$(inherited)",
					"@executable_path/Frameworks",
				);
				PRODUCT_BUNDLE_IDENTIFIER = com.preview.host;
				PRODUCT_NAME = PreviewHost;
				SDKROOT = iphoneos;
				SWIFT_VERSION = 5.0;
			};
			name = Release;
		};
		69A33CD1E89DA3002D773CE3 /* Debug */ = {
			isa = XCBuildConfiguration;
			buildSettings = {
				CODE_SIGN_STYLE = Automatic;
				GENERATE_INFOPLIST_FILE = YES;
				INFOPLIST_KEY_UIApplicationSceneManifest_Generation = YES;
				INFOPLIST_KEY_UILaunchScreen_Generation = YES;
				IPHONEOS_DEPLOYMENT_TARGET = 17.0;
				LD_RUNPATH_SEARCH_PATHS = (
					"$(inherited)",
					"@executable_path/Frameworks",
				);
				PRODUCT_BUNDLE_IDENTIFIER = com.preview.host;
				PRODUCT_NAME = PreviewHost;
				SDKROOT = iphoneos;
				SWIFT_VERSION = 5.0;
			};
			name = Debug;
		};
		6BE60C37AD719655CAB06903 /* Debug */ = {
			isa = XCBuildConfiguration;
			buildSettings = {
				CODE_SIGN_STYLE = Automatic;
				GENERATE_INFOPLIST_FILE = YES;
				INFOPLIST_KEY_UIApplicationSceneManifest_Generation = YES;
				INFOPLIST_KEY_UILaunchScreen_Generation = YES;
				IPHONEOS_DEPLOYMENT_TARGET = 17.0;
				LD_RUNPATH_SEARCH_PATHS = (
					"$(inherited)",
					"@executable_path/Frameworks",
				);
				PRODUCT_BUNDLE_IDENTIFIER = com.preview.host;
				PRODUCT_NAME = PreviewHost;
				SDKROOT = iphoneos;
				SWIFT_VERSION = 5.0;
			};
			name = Debug;
		};
		6C45104E6406350126A4FD56 /* Release */ = {
			isa = XCBuildConfiguration;
			buildSettings = {
				CODE_SIGN_STYLE = Automatic;
				GENERATE_INFOPLIST_FILE = YES;
				INFOPLIST_KEY_UIApplicationSceneManifest_Generation = YES;
				INFOPLIST_KEY_UILaunchScreen_Generation = YES;
				IPHONEOS_DEPLOYMENT_TARGET = 17.0;
				LD_RUNPATH_SEARCH_PATHS = (
					"$(inherited)",
					"@executable_path/Frameworks",
				);
				PRODUCT_BUNDLE_IDENTIFIER = com.preview.host;
				PRODUCT_NAME = PreviewHost;
				SDKROOT = iphoneos;
				SWIFT_VERSION = 5.0;
			};
			name = Release;
		};
		80938100C029798FE2795192 /* Debug */ = {
			isa = XCBuildConfiguration;
			buildSettings = {
				CODE_SIGN_STYLE = Automatic;
				GENERATE_INFOPLIST_FILE = YES;
				INFOPLIST_KEY_UIApplicationSceneManifest_Generation = YES;
				INFOPLIST_KEY_UILaunchScreen_Generation = YES;
				IPHONEOS_DEPLOYMENT_TARGET = 17.0;
				LD_RUNPATH_SEARCH_PATHS = (
					"$(inherited)",
					"@executable_path/Frameworks",
				);
				PRODUCT_BUNDLE_IDENTIFIER = com.preview.host;
				PRODUCT_NAME = PreviewHost;
				SDKROOT = iphoneos;
				SWIFT_VERSION = 5.0;
			};
			name = Debug;
		};
		8119FB84E460E2CBB9A3E350 /* Debug */ = {
			isa = XCBuildConfiguration;
			buildSettings = {
				CODE_SIGN_STYLE = Automatic;
				GENERATE_INFOPLIST_FILE = YES;
				INFOPLIST_KEY_UIApplicationSceneManifest_Generation = YES;
				INFOPLIST_KEY_UILaunchScreen_Generation = YES;
				IPHONEOS_DEPLOYMENT_TARGET = 17.0;
				LD_RUNPATH_SEARCH_PATHS = (
					"$(inherited)",
					"@executable_path/Frameworks",
				);
				PRODUCT_BUNDLE_IDENTIFIER = com.preview.host;
				PRODUCT_NAME = PreviewHost;
				SDKROOT = iphoneos;
				SWIFT_VERSION = 5.0;
			};
			name = Debug;
		};
		8F5EE65B9D5C703D0EBDBC0D /* Release */ = {
			isa = XCBuildConfiguration;
			buildSettings = {
				CODE_SIGN_STYLE = Automatic;
				GENERATE_INFOPLIST_FILE = YES;
				INFOPLIST_KEY_UIApplicationSceneManifest_Generation = YES;
				INFOPLIST_KEY_UILaunchScreen_Generation = YES;
				IPHONEOS_DEPLOYMENT_TARGET = 17.0;
				LD_RUNPATH_SEARCH_PATHS = (
					"$(inherited)",
					"@executable_path/Frameworks",
				);
				PRODUCT_BUNDLE_IDENTIFIER = com.preview.host;
				PRODUCT_NAME = PreviewHost;
				SDKROOT = iphoneos;
				SWIFT_VERSION = 5.0;
			};
			name = Release;
		};
		A2316119E60C85DF1E1EE085 /* Debug */ = {
			isa = XCBuildConfiguration;
			buildSettings = {
				CODE_SIGN_STYLE = Automatic;
				GENERATE_INFOPLIST_FILE = YES;
				INFOPLIST_KEY_UIApplicationSceneManifest_Generation = YES;
				INFOPLIST_KEY_UILaunchScreen_Generation = YES;
				IPHONEOS_DEPLOYMENT_TARGET = 17.0;
				LD_RUNPATH_SEARCH_PATHS = (
					"$(inherited)",
					"@executable_path/Frameworks",
				);
				PRODUCT_BUNDLE_IDENTIFIER = com.preview.host;
				PRODUCT_NAME = PreviewHost;
				SDKROOT = iphoneos;
				SWIFT_VERSION = 5.0;
			};
			name = Debug;
		};
		AA7395C4C0E83ACBEE570F4D /* Debug */ = {
			isa = XCBuildConfiguration;
			buildSettings = {
				ASSETCATALOG_COMPILER_APPICON_NAME = AppIcon;
				ASSETCATALOG_COMPILER_GLOBAL_ACCENT_COLOR_NAME = AccentColor;
				CODE_SIGN_IDENTITY = "iPhone Developer";
				CODE_SIGN_STYLE = Automatic;
				CURRENT_PROJECT_VERSION = 1;
				DEVELOPMENT_TEAM = 9VLYRHBR59;
				INFOPLIST_FILE = BookShelf/Info.plist;
				INFOPLIST_KEY_NSCameraUsageDescription = "BookShelf needs camera access to scan book barcodes and covers";
				INFOPLIST_KEY_UIApplicationSceneManifest_Generation = YES;
				INFOPLIST_KEY_UIApplicationSupportsIndirectInputEvents = YES;
				INFOPLIST_KEY_UILaunchStoryboardName = LaunchScreen;
				INFOPLIST_KEY_UISupportedInterfaceOrientations_iPad = "UIInterfaceOrientationPortrait UIInterfaceOrientationPortraitUpsideDown UIInterfaceOrientationLandscapeLeft UIInterfaceOrientationLandscapeRight";
				INFOPLIST_KEY_UISupportedInterfaceOrientations_iPhone = "UIInterfaceOrientationPortrait UIInterfaceOrientationLandscapeLeft UIInterfaceOrientationLandscapeRight";
				LD_RUNPATH_SEARCH_PATHS = (
					"$(inherited)",
					"@executable_path/Frameworks",
				);
				MARKETING_VERSION = 1.0;
				PRODUCT_BUNDLE_IDENTIFIER = com.justinleung.bookshelf;
				SDKROOT = iphoneos;
				TARGETED_DEVICE_FAMILY = "1,2";
			};
			name = Debug;
		};
		ACDAD5CC6A453EB06D1F2C41 /* Release */ = {
			isa = XCBuildConfiguration;
			buildSettings = {
				BUNDLE_LOADER = "$(TEST_HOST)";
				CODE_SIGN_STYLE = Automatic;
				CURRENT_PROJECT_VERSION = 1;
				DEVELOPMENT_TEAM = "";
				GENERATE_INFOPLIST_FILE = YES;
				LD_RUNPATH_SEARCH_PATHS = (
					"$(inherited)",
					"@executable_path/Frameworks",
					"@loader_path/Frameworks",
				);
				MARKETING_VERSION = 1.0;
				PRODUCT_BUNDLE_IDENTIFIER = com.justinleung.bookshelf.tests;
				SDKROOT = iphoneos;
				TARGETED_DEVICE_FAMILY = "1,2";
				TEST_HOST = "$(BUILT_PRODUCTS_DIR)/BookShelf.app/BookShelf";
			};
			name = Release;
		};
		B76629AAD0C8157CA3A0DBBD /* Release */ = {
			isa = XCBuildConfiguration;
			buildSettings = {
				CODE_SIGN_STYLE = Automatic;
				GENERATE_INFOPLIST_FILE = YES;
				INFOPLIST_KEY_UIApplicationSceneManifest_Generation = YES;
				INFOPLIST_KEY_UILaunchScreen_Generation = YES;
				IPHONEOS_DEPLOYMENT_TARGET = 17.0;
				LD_RUNPATH_SEARCH_PATHS = (
					"$(inherited)",
					"@executable_path/Frameworks",
				);
				PRODUCT_BUNDLE_IDENTIFIER = com.preview.host;
				PRODUCT_NAME = PreviewHost;
				SDKROOT = iphoneos;
				SWIFT_VERSION = 5.0;
			};
			name = Release;
		};
		F125FBCF916B906302A59067 /* Debug */ = {
			isa = XCBuildConfiguration;
			buildSettings = {
				BUNDLE_LOADER = "$(TEST_HOST)";
				CODE_SIGN_STYLE = Automatic;
				CURRENT_PROJECT_VERSION = 1;
				DEVELOPMENT_TEAM = "";
				GENERATE_INFOPLIST_FILE = YES;
				LD_RUNPATH_SEARCH_PATHS = (
					"$(inherited)",
					"@executable_path/Frameworks",
					"@loader_path/Frameworks",
				);
				MARKETING_VERSION = 1.0;
				PRODUCT_BUNDLE_IDENTIFIER = com.justinleung.bookshelf.tests;
				SDKROOT = iphoneos;
				TARGETED_DEVICE_FAMILY = "1,2";
				TEST_HOST = "$(BUILT_PRODUCTS_DIR)/BookShelf.app/BookShelf";
			};
			name = Debug;
		};
/* End XCBuildConfiguration section */

/* Begin XCConfigurationList section */
		2002CEE64A53C0C5AE98DF1C = {
			isa = XCConfigurationList;
			buildConfigurations = (
				A2316119E60C85DF1E1EE085 /* Debug */,
				B76629AAD0C8157CA3A0DBBD /* Release */,
			);
			defaultConfigurationIsVisible = 0;
			defaultConfigurationName = Debug;
		};
		28658F6E630463277FE06766 = {
			isa = XCConfigurationList;
			buildConfigurations = (
				224A2DB3F7B7E2B29EE6C8BA /* Debug */,
				5DD7235E2AAC3C8C75BF4D42 /* Release */,
			);
			defaultConfigurationIsVisible = 0;
			defaultConfigurationName = Debug;
		};
		54D158306C0346DC140F07CE = {
			isa = XCConfigurationList;
			buildConfigurations = (
				80938100C029798FE2795192 /* Debug */,
				6C45104E6406350126A4FD56 /* Release */,
			);
			defaultConfigurationIsVisible = 0;
			defaultConfigurationName = Debug;
		};
		724C36065AF376DE94408B17 /* Build configuration list for PBXNativeTarget "BookShelfTests" */ = {
			isa = XCConfigurationList;
			buildConfigurations = (
				F125FBCF916B906302A59067 /* Debug */,
				ACDAD5CC6A453EB06D1F2C41 /* Release */,
			);
			defaultConfigurationIsVisible = 0;
			defaultConfigurationName = Debug;
		};
		7355747D36B8ABBC07680F49 = {
			isa = XCConfigurationList;
			buildConfigurations = (
				8119FB84E460E2CBB9A3E350 /* Debug */,
				32C11774B8D3952E8A893EFA /* Release */,
			);
			defaultConfigurationIsVisible = 0;
			defaultConfigurationName = Debug;
		};
		92D761482AA2222A24F1D4B2 /* Build configuration list for PBXNativeTarget "BookShelf" */ = {
			isa = XCConfigurationList;
			buildConfigurations = (
				AA7395C4C0E83ACBEE570F4D /* Debug */,
				5B13063D433C10184B707921 /* Release */,
			);
			defaultConfigurationIsVisible = 0;
			defaultConfigurationName = Debug;
		};
		9C0DD6001CA2370AD99C4C37 = {
			isa = XCConfigurationList;
			buildConfigurations = (
				69A33CD1E89DA3002D773CE3 /* Debug */,
				3BE495F5C1D64B77AFA60EE0 /* Release */,
			);
			defaultConfigurationIsVisible = 0;
			defaultConfigurationName = Debug;
		};
		A914E779E550B371D66FF8CA = {
			isa = XCConfigurationList;
			buildConfigurations = (
				3824A5639FBB930A31010ED5 /* Debug */,
				546E2881157F43471731F3EB /* Release */,
			);
			defaultConfigurationIsVisible = 0;
			defaultConfigurationName = Debug;
		};
		B45F5C4F95DAABB6ABCB14E5 /* Build configuration list for PBXProject "BookShelf" */ = {
			isa = XCConfigurationList;
			buildConfigurations = (
				3EDC61A9B13C0D8ACB4BA72C /* Debug */,
				3BBA7CA6E429F76B6E2568B0 /* Release */,
			);
			defaultConfigurationIsVisible = 0;
			defaultConfigurationName = Debug;
		};
		BE2F86EEA26771C70E59F995 = {
			isa = XCConfigurationList;
			buildConfigurations = (
				6BE60C37AD719655CAB06903 /* Debug */,
				8F5EE65B9D5C703D0EBDBC0D /* Release */,
			);
			defaultConfigurationIsVisible = 0;
			defaultConfigurationName = Debug;
		};
		D0CED37492B429DCEF095654 = {
			isa = XCConfigurationList;
			buildConfigurations = (
				49121399C928320FAC997051 /* Debug */,
				5CA888A6E9F1A627CDB73A7F /* Release */,
			);
			defaultConfigurationIsVisible = 0;
			defaultConfigurationName = Debug;
		};
/* End XCConfigurationList section */
	};
	rootObject = 4FEAA570074D771D330307FF /* Project object */;
}
